// !$*UTF8*$!
{
	archiveVersion = 1;
	classes = {
	};
	objectVersion = 46;
	objects = {

/* Begin PBXBuildFile section */
		9B8FE932189620D500A45438 /* WLDeleteUserVCTL.m in Sources */ = {isa = PBXBuildFile; fileRef = 9B8FE930189620D500A45438 /* WLDeleteUserVCTL.m */; };
		9B8FE933189620D500A45438 /* WLDeleteUserVCTL.xib in Resources */ = {isa = PBXBuildFile; fileRef = 9B8FE931189620D500A45438 /* WLDeleteUserVCTL.xib */; };
		E212F49316ABB78E009BFE50 /* bg_xiantiao.png in Resources */ = {isa = PBXBuildFile; fileRef = E212F49116ABB78E009BFE50 /* bg_xiantiao.png */; };
		E212F49416ABB78E009BFE50 /* bg_xiantiao@2x.png in Resources */ = {isa = PBXBuildFile; fileRef = E212F49216ABB78E009BFE50 /* bg_xiantiao@2x.png */; };
		E212F49C16ABB964009BFE50 /* WLgdyAddGameScoreVCTL.m in Sources */ = {isa = PBXBuildFile; fileRef = E212F49B16ABB964009BFE50 /* WLgdyAddGameScoreVCTL.m */; };
		E2130EBE1661F0DE00E09F28 /* WLGameInfo.m in Sources */ = {isa = PBXBuildFile; fileRef = E2130EBD1661F0DE00E09F28 /* WLGameInfo.m */; };
		E2130EC3166205B200E09F28 /* WLgdyAddGameScoreVCTL.xib in Resources */ = {isa = PBXBuildFile; fileRef = E2130EC1166205B200E09F28 /* WLgdyAddGameScoreVCTL.xib */; };
		E2130EC6166221AC00E09F28 /* WLgdyScoreCell.m in Sources */ = {isa = PBXBuildFile; fileRef = E2130EC5166221AC00E09F28 /* WLgdyScoreCell.m */; };
		E2130EC91662382000E09F28 /* WLgdyScoreObj.m in Sources */ = {isa = PBXBuildFile; fileRef = E2130EC81662382000E09F28 /* WLgdyScoreObj.m */; };
		E232944E1657866C004C0907 /* WLGameHistoryVCTL.m in Sources */ = {isa = PBXBuildFile; fileRef = E232944C1657866C004C0907 /* WLGameHistoryVCTL.m */; };
		E232944F1657866C004C0907 /* WLGameHistoryVCTL.xib in Resources */ = {isa = PBXBuildFile; fileRef = E232944D1657866C004C0907 /* WLGameHistoryVCTL.xib */; };
		E232945316578FA6004C0907 /* WLUserHistoryVCTL.m in Sources */ = {isa = PBXBuildFile; fileRef = E232945116578FA5004C0907 /* WLUserHistoryVCTL.m */; };
		E232945416578FA6004C0907 /* WLUserHistoryVCTL.xib in Resources */ = {isa = PBXBuildFile; fileRef = E232945216578FA5004C0907 /* WLUserHistoryVCTL.xib */; };
		E23294591657B141004C0907 /* WLSettingsVCTL.m in Sources */ = {isa = PBXBuildFile; fileRef = E23294571657B141004C0907 /* WLSettingsVCTL.m */; };
		E232945A1657B141004C0907 /* WLSettingsVCTL.xib in Resources */ = {isa = PBXBuildFile; fileRef = E23294581657B141004C0907 /* WLSettingsVCTL.xib */; };
		E2368AC81828B338002047C1 /* AdSupport.framework in Frameworks */ = {isa = PBXBuildFile; fileRef = E2368AC71828B338002047C1 /* AdSupport.framework */; };
		E2368ACA1828B355002047C1 /* QuartzCore.framework in Frameworks */ = {isa = PBXBuildFile; fileRef = E2368AC91828B355002047C1 /* QuartzCore.framework */; };
		E2368AD21828B726002047C1 /* Security.framework in Frameworks */ = {isa = PBXBuildFile; fileRef = E2368AD11828B726002047C1 /* Security.framework */; };
		E2368B2C1828BB2D002047C1 /* ASIAuthenticationDialog.m in Sources */ = {isa = PBXBuildFile; fileRef = E2368AD51828BB2D002047C1 /* ASIAuthenticationDialog.m */; };
		E2368B2D1828BB2D002047C1 /* ASIDataCompressor.m in Sources */ = {isa = PBXBuildFile; fileRef = E2368AD81828BB2D002047C1 /* ASIDataCompressor.m */; };
		E2368B2E1828BB2D002047C1 /* ASIDataDecompressor.m in Sources */ = {isa = PBXBuildFile; fileRef = E2368ADA1828BB2D002047C1 /* ASIDataDecompressor.m */; };
		E2368B2F1828BB2D002047C1 /* ASIDownloadCache.m in Sources */ = {isa = PBXBuildFile; fileRef = E2368ADC1828BB2D002047C1 /* ASIDownloadCache.m */; };
		E2368B301828BB2D002047C1 /* ASIFormDataRequest.m in Sources */ = {isa = PBXBuildFile; fileRef = E2368ADE1828BB2D002047C1 /* ASIFormDataRequest.m */; };
		E2368B311828BB2D002047C1 /* ASIHTTPRequest.m in Sources */ = {isa = PBXBuildFile; fileRef = E2368AE01828BB2D002047C1 /* ASIHTTPRequest.m */; };
		E2368B321828BB2D002047C1 /* ASIInputStream.m in Sources */ = {isa = PBXBuildFile; fileRef = E2368AE41828BB2D002047C1 /* ASIInputStream.m */; };
		E2368B331828BB2D002047C1 /* ASINetworkQueue.m in Sources */ = {isa = PBXBuildFile; fileRef = E2368AE61828BB2D002047C1 /* ASINetworkQueue.m */; };
		E2368B341828BB2D002047C1 /* ASINSStringAdditions.m in Sources */ = {isa = PBXBuildFile; fileRef = E2368AE81828BB2D002047C1 /* ASINSStringAdditions.m */; };
		E2368B351828BB2D002047C1 /* ASIReachability.m in Sources */ = {isa = PBXBuildFile; fileRef = E2368AEB1828BB2D002047C1 /* ASIReachability.m */; };
		E2368B361828BB2D002047C1 /* GTMNSString+HTML.m in Sources */ = {isa = PBXBuildFile; fileRef = E2368AEE1828BB2D002047C1 /* GTMNSString+HTML.m */; };
		E2368B371828BB2D002047C1 /* NSDate+TomAddition.m in Sources */ = {isa = PBXBuildFile; fileRef = E2368AF01828BB2D002047C1 /* NSDate+TomAddition.m */; };
		E2368B381828BB2D002047C1 /* NSDictionary+JSON.m in Sources */ = {isa = PBXBuildFile; fileRef = E2368AF21828BB2D002047C1 /* NSDictionary+JSON.m */; };
		E2368B391828BB2D002047C1 /* NSIndexPath+RG_Utilities.m in Sources */ = {isa = PBXBuildFile; fileRef = E2368AF41828BB2D002047C1 /* NSIndexPath+RG_Utilities.m */; };
		E2368B3A1828BB2D002047C1 /* NSString+MD5Addition.m in Sources */ = {isa = PBXBuildFile; fileRef = E2368AF61828BB2D002047C1 /* NSString+MD5Addition.m */; };
		E2368B3B1828BB2D002047C1 /* NSString+TomAddition.m in Sources */ = {isa = PBXBuildFile; fileRef = E2368AF81828BB2D002047C1 /* NSString+TomAddition.m */; };
		E2368B3C1828BB2D002047C1 /* UIImage+Alpha.m in Sources */ = {isa = PBXBuildFile; fileRef = E2368AFA1828BB2D002047C1 /* UIImage+Alpha.m */; };
		E2368B3D1828BB2D002047C1 /* UIImage+Resize.m in Sources */ = {isa = PBXBuildFile; fileRef = E2368AFC1828BB2D002047C1 /* UIImage+Resize.m */; };
		E2368B3E1828BB2D002047C1 /* UIImage+RoundedCorner.m in Sources */ = {isa = PBXBuildFile; fileRef = E2368AFE1828BB2D002047C1 /* UIImage+RoundedCorner.m */; };
		E2368B3F1828BB2D002047C1 /* UILabel+Addition.m in Sources */ = {isa = PBXBuildFile; fileRef = E2368B001828BB2D002047C1 /* UILabel+Addition.m */; };
		E2368B401828BB2D002047C1 /* UIViewController+KNSemiModal.m in Sources */ = {isa = PBXBuildFile; fileRef = E2368B021828BB2D002047C1 /* UIViewController+KNSemiModal.m */; };
		E2368B411828BB2D002047C1 /* GTMBase64.m in Sources */ = {isa = PBXBuildFile; fileRef = E2368B051828BB2D002047C1 /* GTMBase64.m */; };
		E2368B421828BB2D002047C1 /* GTMObjC2Runtime.m in Sources */ = {isa = PBXBuildFile; fileRef = E2368B081828BB2D002047C1 /* GTMObjC2Runtime.m */; };
		E2368B431828BB2D002047C1 /* GTMStackTrace.m in Sources */ = {isa = PBXBuildFile; fileRef = E2368B0A1828BB2D002047C1 /* GTMStackTrace.m */; };
		E2368B441828BB2D002047C1 /* iConsole.m in Sources */ = {isa = PBXBuildFile; fileRef = E2368B0D1828BB2D002047C1 /* iConsole.m */; };
		E2368B451828BB2D002047C1 /* btn_jinggao.png in Resources */ = {isa = PBXBuildFile; fileRef = E2368B0F1828BB2D002047C1 /* btn_jinggao.png */; };
		E2368B461828BB2D002047C1 /* btn_jinggao@2x.png in Resources */ = {isa = PBXBuildFile; fileRef = E2368B101828BB2D002047C1 /* btn_jinggao@2x.png */; };
		E2368B471828BB2D002047C1 /* btn_xiaoxi.png in Resources */ = {isa = PBXBuildFile; fileRef = E2368B111828BB2D002047C1 /* btn_xiaoxi.png */; };
		E2368B481828BB2D002047C1 /* btn_xiaoxi@2x.png in Resources */ = {isa = PBXBuildFile; fileRef = E2368B121828BB2D002047C1 /* btn_xiaoxi@2x.png */; };
		E2368B491828BB2D002047C1 /* gy_qipao.png in Resources */ = {isa = PBXBuildFile; fileRef = E2368B141828BB2D002047C1 /* gy_qipao.png */; };
		E2368B4A1828BB2D002047C1 /* gy_qipao@2x.png in Resources */ = {isa = PBXBuildFile; fileRef = E2368B151828BB2D002047C1 /* gy_qipao@2x.png */; };
		E2368B4B1828BB2D002047C1 /* gy_qipao_shang.png in Resources */ = {isa = PBXBuildFile; fileRef = E2368B161828BB2D002047C1 /* gy_qipao_shang.png */; };
		E2368B4C1828BB2D002047C1 /* gy_qipao_shang@2x.png in Resources */ = {isa = PBXBuildFile; fileRef = E2368B171828BB2D002047C1 /* gy_qipao_shang@2x.png */; };
		E2368B4D1828BB2D002047C1 /* select_frame.png in Resources */ = {isa = PBXBuildFile; fileRef = E2368B181828BB2D002047C1 /* select_frame.png */; };
		E2368B4E1828BB2D002047C1 /* select_frame@2x.png in Resources */ = {isa = PBXBuildFile; fileRef = E2368B191828BB2D002047C1 /* select_frame@2x.png */; };
		E2368B4F1828BB2D002047C1 /* KeychainItemWrapper.m in Sources */ = {isa = PBXBuildFile; fileRef = E2368B1B1828BB2D002047C1 /* KeychainItemWrapper.m */; };
		E2368B501828BB2D002047C1 /* SqlDB_lock.m in Sources */ = {isa = PBXBuildFile; fileRef = E2368B1E1828BB2D002047C1 /* SqlDB_lock.m */; };
		E2368B511828BB2D002047C1 /* Utilities.m in Sources */ = {isa = PBXBuildFile; fileRef = E2368B201828BB2D002047C1 /* Utilities.m */; };
		E2368B521828BB2D002047C1 /* SVProgressHUD.bundle in Resources */ = {isa = PBXBuildFile; fileRef = E2368B221828BB2D002047C1 /* SVProgressHUD.bundle */; };
		E2368B531828BB2D002047C1 /* SVProgressHUD.m in Sources */ = {isa = PBXBuildFile; fileRef = E2368B241828BB2D002047C1 /* SVProgressHUD.m */; };
		E2368B541828BB2D002047C1 /* TKAlertCenter.m in Sources */ = {isa = PBXBuildFile; fileRef = E2368B271828BB2D002047C1 /* TKAlertCenter.m */; };
		E2368B551828BB2D002047C1 /* TKSwitchCell.m in Sources */ = {isa = PBXBuildFile; fileRef = E2368B291828BB2D002047C1 /* TKSwitchCell.m */; };
		E2368B561828BB2D002047C1 /* UIView+TKCategory.m in Sources */ = {isa = PBXBuildFile; fileRef = E2368B2B1828BB2D002047C1 /* UIView+TKCategory.m */; };
		E2368B661828BC96002047C1 /* NSObject+SBJSON.m in Sources */ = {isa = PBXBuildFile; fileRef = E2368B5B1828BC96002047C1 /* NSObject+SBJSON.m */; };
		E2368B671828BC96002047C1 /* NSString+SBJSON.m in Sources */ = {isa = PBXBuildFile; fileRef = E2368B5D1828BC96002047C1 /* NSString+SBJSON.m */; };
		E2368B681828BC96002047C1 /* SBJSON.m in Sources */ = {isa = PBXBuildFile; fileRef = E2368B5F1828BC96002047C1 /* SBJSON.m */; };
		E2368B691828BC96002047C1 /* SBJsonBase.m in Sources */ = {isa = PBXBuildFile; fileRef = E2368B611828BC96002047C1 /* SBJsonBase.m */; };
		E2368B6A1828BC96002047C1 /* SBJsonParser.m in Sources */ = {isa = PBXBuildFile; fileRef = E2368B631828BC96002047C1 /* SBJsonParser.m */; };
		E2368B6B1828BC96002047C1 /* SBJsonWriter.m in Sources */ = {isa = PBXBuildFile; fileRef = E2368B651828BC96002047C1 /* SBJsonWriter.m */; };
		E2572DC61654F89900E96C87 /* WLStartNewGameVCTL.m in Sources */ = {isa = PBXBuildFile; fileRef = E2572DC41654F89900E96C87 /* WLStartNewGameVCTL.m */; };
		E2572DC71654F89900E96C87 /* WLStartNewGameVCTL.xib in Resources */ = {isa = PBXBuildFile; fileRef = E2572DC51654F89900E96C87 /* WLStartNewGameVCTL.xib */; };
		E2572DC916550B7B00E96C87 /* mainDB.sqlite in Resources */ = {isa = PBXBuildFile; fileRef = E2572DC816550B7B00E96C87 /* mainDB.sqlite */; };
		E2572DD9165519A700E96C87 /* RegexKitLite.m in Sources */ = {isa = PBXBuildFile; fileRef = E2572DD8165519A700E96C87 /* RegexKitLite.m */; };
		E2572DE5165519FD00E96C87 /* AudioToolbox.framework in Frameworks */ = {isa = PBXBuildFile; fileRef = E2572DE4165519FD00E96C87 /* AudioToolbox.framework */; settings = {ATTRIBUTES = (Weak, ); }; };
		E2572DE816551AE300E96C87 /* libicucore.dylib in Frameworks */ = {isa = PBXBuildFile; fileRef = E2572DE616551AC300E96C87 /* libicucore.dylib */; };
		E2572DEE165520B400E96C87 /* WLAllUsersTableVCTL.m in Sources */ = {isa = PBXBuildFile; fileRef = E2572DEC165520B400E96C87 /* WLAllUsersTableVCTL.m */; };
		E2572DEF165520B400E96C87 /* WLAllUsersTableVCTL.xib in Resources */ = {isa = PBXBuildFile; fileRef = E2572DED165520B400E96C87 /* WLAllUsersTableVCTL.xib */; };
		E2572DF41655292500E96C87 /* WLSummaryTableVCTL.m in Sources */ = {isa = PBXBuildFile; fileRef = E2572DF21655292500E96C87 /* WLSummaryTableVCTL.m */; };
		E2572DF51655292500E96C87 /* WLSummaryTableVCTL.xib in Resources */ = {isa = PBXBuildFile; fileRef = E2572DF31655292500E96C87 /* WLSummaryTableVCTL.xib */; };
		E2572DF816552B0700E96C87 /* WLdbGameObj.m in Sources */ = {isa = PBXBuildFile; fileRef = E2572DF716552B0700E96C87 /* WLdbGameObj.m */; };
		E2572E011655E6FB00E96C87 /* WLAddGameScoreVCTL.m in Sources */ = {isa = PBXBuildFile; fileRef = E2572DFF1655E6FA00E96C87 /* WLAddGameScoreVCTL.m */; };
		E2572E021655E6FB00E96C87 /* WLAddGameScoreVCTL.xib in Resources */ = {isa = PBXBuildFile; fileRef = E2572E001655E6FA00E96C87 /* WLAddGameScoreVCTL.xib */; };
		E29D68BF16B9090600C4B706 /* SystemConfiguration.framework in Frameworks */ = {isa = PBXBuildFile; fileRef = E29D68BE16B9090600C4B706 /* SystemConfiguration.framework */; };
		E29D68C116B9090F00C4B706 /* MessageUI.framework in Frameworks */ = {isa = PBXBuildFile; fileRef = E29D68C016B9090F00C4B706 /* MessageUI.framework */; };
		E29D68C316B9091900C4B706 /* CoreTelephony.framework in Frameworks */ = {isa = PBXBuildFile; fileRef = E29D68C216B9091900C4B706 /* CoreTelephony.framework */; };
		E29D68C516B9092A00C4B706 /* CFNetwork.framework in Frameworks */ = {isa = PBXBuildFile; fileRef = E29D68C416B9092A00C4B706 /* CFNetwork.framework */; };
		E29D68C716B90E2A00C4B706 /* MobileCoreServices.framework in Frameworks */ = {isa = PBXBuildFile; fileRef = E29D68C616B90E2A00C4B706 /* MobileCoreServices.framework */; };
		E29D68C916B90E2E00C4B706 /* libz.dylib in Frameworks */ = {isa = PBXBuildFile; fileRef = E29D68C816B90E2E00C4B706 /* libz.dylib */; };
		E2CA7ED216605DC50021BFFA /* WLdbSettings.m in Sources */ = {isa = PBXBuildFile; fileRef = E2CA7ED116605DC50021BFFA /* WLdbSettings.m */; };
		E2CFAF9E1654A6260053ADCB /* UIKit.framework in Frameworks */ = {isa = PBXBuildFile; fileRef = E2CFAF9D1654A6260053ADCB /* UIKit.framework */; };
		E2CFAFA01654A6260053ADCB /* Foundation.framework in Frameworks */ = {isa = PBXBuildFile; fileRef = E2CFAF9F1654A6260053ADCB /* Foundation.framework */; };
		E2CFAFA21654A6260053ADCB /* CoreGraphics.framework in Frameworks */ = {isa = PBXBuildFile; fileRef = E2CFAFA11654A6260053ADCB /* CoreGraphics.framework */; };
		E2CFAFA81654A6260053ADCB /* InfoPlist.strings in Resources */ = {isa = PBXBuildFile; fileRef = E2CFAFA61654A6260053ADCB /* InfoPlist.strings */; };
		E2CFAFAA1654A6260053ADCB /* main.m in Sources */ = {isa = PBXBuildFile; fileRef = E2CFAFA91654A6260053ADCB /* main.m */; };
		E2CFAFAE1654A6260053ADCB /* WLAppDelegate.m in Sources */ = {isa = PBXBuildFile; fileRef = E2CFAFAD1654A6260053ADCB /* WLAppDelegate.m */; };
		E2CFAFB01654A6260053ADCB /* Default.png in Resources */ = {isa = PBXBuildFile; fileRef = E2CFAFAF1654A6260053ADCB /* Default.png */; };
		E2CFAFB21654A6260053ADCB /* Default@2x.png in Resources */ = {isa = PBXBuildFile; fileRef = E2CFAFB11654A6260053ADCB /* Default@2x.png */; };
		E2CFAFB41654A6260053ADCB /* Default-568h@2x.png in Resources */ = {isa = PBXBuildFile; fileRef = E2CFAFB31654A6260053ADCB /* Default-568h@2x.png */; };
		E2CFAFB71654A6260053ADCB /* WLViewController.m in Sources */ = {isa = PBXBuildFile; fileRef = E2CFAFB61654A6260053ADCB /* WLViewController.m */; };
		E2CFAFBA1654A6260053ADCB /* WLViewController.xib in Resources */ = {isa = PBXBuildFile; fileRef = E2CFAFB81654A6260053ADCB /* WLViewController.xib */; };
		E2CFAFC61654A7FB0053ADCB /* WLdbUserObj.m in Sources */ = {isa = PBXBuildFile; fileRef = E2CFAFC51654A7FB0053ADCB /* WLdbUserObj.m */; };
		E2CFB6F41654A9440053ADCB /* libsqlite3.dylib in Frameworks */ = {isa = PBXBuildFile; fileRef = E2CFB6F31654A9440053ADCB /* libsqlite3.dylib */; };
		E2CFB6F71654AA1D0053ADCB /* WLdbObj.m in Sources */ = {isa = PBXBuildFile; fileRef = E2CFB6F61654AA1D0053ADCB /* WLdbObj.m */; };
		E2D2F54416A6FC4800179F91 /* WLScoreCell.m in Sources */ = {isa = PBXBuildFile; fileRef = E2D2F54316A6FC4800179F91 /* WLScoreCell.m */; };
		E2D2F54716A6FD6A00179F91 /* WLScoreObj.m in Sources */ = {isa = PBXBuildFile; fileRef = E2D2F54616A6FD6A00179F91 /* WLScoreObj.m */; };
		E2E66F3816A6B968007D928B /* WLCashOutObj.m in Sources */ = {isa = PBXBuildFile; fileRef = E2E66F3716A6B967007D928B /* WLCashOutObj.m */; };
		E2E73870166087E10019A3FD /* WLSummaryCell.m in Sources */ = {isa = PBXBuildFile; fileRef = E2E7386F166087E10019A3FD /* WLSummaryCell.m */; };
		E2E7387316608ACC0019A3FD /* WLSummaryObj.m in Sources */ = {isa = PBXBuildFile; fileRef = E2E7387216608ACC0019A3FD /* WLSummaryObj.m */; };
		E2E73875166092060019A3FD /* TableViewCell.xib in Resources */ = {isa = PBXBuildFile; fileRef = E2E73874166092060019A3FD /* TableViewCell.xib */; };
		E2F3660F16631584009815D9 /* Icon.png in Resources */ = {isa = PBXBuildFile; fileRef = E2F3660D16631584009815D9 /* Icon.png */; };
		E2F3661016631584009815D9 /* Icon@2x.png in Resources */ = {isa = PBXBuildFile; fileRef = E2F3660E16631584009815D9 /* Icon@2x.png */; };
		E2FDA5C11661108A000DC0A1 /* WLCashOutCell.m in Sources */ = {isa = PBXBuildFile; fileRef = E2FDA5C01661108A000DC0A1 /* WLCashOutCell.m */; };
		E2FDA5C61661164A000DC0A1 /* WLCashOutVCTL.m in Sources */ = {isa = PBXBuildFile; fileRef = E2FDA5C416611649000DC0A1 /* WLCashOutVCTL.m */; };
		E2FDA5C71661164A000DC0A1 /* WLCashOutVCTL.xib in Resources */ = {isa = PBXBuildFile; fileRef = E2FDA5C516611649000DC0A1 /* WLCashOutVCTL.xib */; };
/* End PBXBuildFile section */

/* Begin PBXFileReference section */
		9B8FE92F189620D500A45438 /* WLDeleteUserVCTL.h */ = {isa = PBXFileReference; fileEncoding = 4; lastKnownFileType = sourcecode.c.h; path = WLDeleteUserVCTL.h; sourceTree = "<group>"; };
		9B8FE930189620D500A45438 /* WLDeleteUserVCTL.m */ = {isa = PBXFileReference; fileEncoding = 4; lastKnownFileType = sourcecode.c.objc; path = WLDeleteUserVCTL.m; sourceTree = "<group>"; };
		9B8FE931189620D500A45438 /* WLDeleteUserVCTL.xib */ = {isa = PBXFileReference; fileEncoding = 4; lastKnownFileType = file.xib; path = WLDeleteUserVCTL.xib; sourceTree = "<group>"; };
		E212F49116ABB78E009BFE50 /* bg_xiantiao.png */ = {isa = PBXFileReference; lastKnownFileType = image.png; path = bg_xiantiao.png; sourceTree = "<group>"; };
		E212F49216ABB78E009BFE50 /* bg_xiantiao@2x.png */ = {isa = PBXFileReference; lastKnownFileType = image.png; path = "bg_xiantiao@2x.png"; sourceTree = "<group>"; };
		E212F49B16ABB964009BFE50 /* WLgdyAddGameScoreVCTL.m */ = {isa = PBXFileReference; fileEncoding = 4; lastKnownFileType = sourcecode.c.objc; path = WLgdyAddGameScoreVCTL.m; sourceTree = "<group>"; };
		E2130EBC1661F0DE00E09F28 /* WLGameInfo.h */ = {isa = PBXFileReference; fileEncoding = 4; lastKnownFileType = sourcecode.c.h; path = WLGameInfo.h; sourceTree = "<group>"; };
		E2130EBD1661F0DE00E09F28 /* WLGameInfo.m */ = {isa = PBXFileReference; fileEncoding = 4; lastKnownFileType = sourcecode.c.objc; path = WLGameInfo.m; sourceTree = "<group>"; };
		E2130EBF166205B200E09F28 /* WLgdyAddGameScoreVCTL.h */ = {isa = PBXFileReference; fileEncoding = 4; lastKnownFileType = sourcecode.c.h; path = WLgdyAddGameScoreVCTL.h; sourceTree = "<group>"; };
		E2130EC1166205B200E09F28 /* WLgdyAddGameScoreVCTL.xib */ = {isa = PBXFileReference; fileEncoding = 4; lastKnownFileType = file.xib; path = WLgdyAddGameScoreVCTL.xib; sourceTree = "<group>"; };
		E2130EC4166221AC00E09F28 /* WLgdyScoreCell.h */ = {isa = PBXFileReference; fileEncoding = 4; lastKnownFileType = sourcecode.c.h; path = WLgdyScoreCell.h; sourceTree = "<group>"; };
		E2130EC5166221AC00E09F28 /* WLgdyScoreCell.m */ = {isa = PBXFileReference; fileEncoding = 4; lastKnownFileType = sourcecode.c.objc; path = WLgdyScoreCell.m; sourceTree = "<group>"; };
		E2130EC71662381F00E09F28 /* WLgdyScoreObj.h */ = {isa = PBXFileReference; fileEncoding = 4; lastKnownFileType = sourcecode.c.h; path = WLgdyScoreObj.h; sourceTree = "<group>"; };
		E2130EC81662382000E09F28 /* WLgdyScoreObj.m */ = {isa = PBXFileReference; fileEncoding = 4; lastKnownFileType = sourcecode.c.objc; path = WLgdyScoreObj.m; sourceTree = "<group>"; };
		E232944B1657866C004C0907 /* WLGameHistoryVCTL.h */ = {isa = PBXFileReference; fileEncoding = 4; lastKnownFileType = sourcecode.c.h; path = WLGameHistoryVCTL.h; sourceTree = "<group>"; };
		E232944C1657866C004C0907 /* WLGameHistoryVCTL.m */ = {isa = PBXFileReference; fileEncoding = 4; lastKnownFileType = sourcecode.c.objc; path = WLGameHistoryVCTL.m; sourceTree = "<group>"; };
		E232944D1657866C004C0907 /* WLGameHistoryVCTL.xib */ = {isa = PBXFileReference; fileEncoding = 4; lastKnownFileType = file.xib; path = WLGameHistoryVCTL.xib; sourceTree = "<group>"; };
		E232945016578FA5004C0907 /* WLUserHistoryVCTL.h */ = {isa = PBXFileReference; fileEncoding = 4; lastKnownFileType = sourcecode.c.h; path = WLUserHistoryVCTL.h; sourceTree = "<group>"; };
		E232945116578FA5004C0907 /* WLUserHistoryVCTL.m */ = {isa = PBXFileReference; fileEncoding = 4; lastKnownFileType = sourcecode.c.objc; path = WLUserHistoryVCTL.m; sourceTree = "<group>"; };
		E232945216578FA5004C0907 /* WLUserHistoryVCTL.xib */ = {isa = PBXFileReference; fileEncoding = 4; lastKnownFileType = file.xib; path = WLUserHistoryVCTL.xib; sourceTree = "<group>"; };
		E23294561657B141004C0907 /* WLSettingsVCTL.h */ = {isa = PBXFileReference; fileEncoding = 4; lastKnownFileType = sourcecode.c.h; path = WLSettingsVCTL.h; sourceTree = "<group>"; };
		E23294571657B141004C0907 /* WLSettingsVCTL.m */ = {isa = PBXFileReference; fileEncoding = 4; lastKnownFileType = sourcecode.c.objc; path = WLSettingsVCTL.m; sourceTree = "<group>"; };
		E23294581657B141004C0907 /* WLSettingsVCTL.xib */ = {isa = PBXFileReference; fileEncoding = 4; lastKnownFileType = file.xib; path = WLSettingsVCTL.xib; sourceTree = "<group>"; };
		E2368AC71828B338002047C1 /* AdSupport.framework */ = {isa = PBXFileReference; lastKnownFileType = wrapper.framework; name = AdSupport.framework; path = System/Library/Frameworks/AdSupport.framework; sourceTree = SDKROOT; };
		E2368AC91828B355002047C1 /* QuartzCore.framework */ = {isa = PBXFileReference; lastKnownFileType = wrapper.framework; name = QuartzCore.framework; path = System/Library/Frameworks/QuartzCore.framework; sourceTree = SDKROOT; };
		E2368ACB1828B396002047C1 /* libcommonCrypto.dylib */ = {isa = PBXFileReference; lastKnownFileType = "compiled.mach-o.dylib"; name = libcommonCrypto.dylib; path = usr/lib/system/libcommonCrypto.dylib; sourceTree = SDKROOT; };
		E2368AD11828B726002047C1 /* Security.framework */ = {isa = PBXFileReference; lastKnownFileType = wrapper.framework; name = Security.framework; path = System/Library/Frameworks/Security.framework; sourceTree = SDKROOT; };
		E2368AD41828BB2D002047C1 /* ASIAuthenticationDialog.h */ = {isa = PBXFileReference; fileEncoding = 4; lastKnownFileType = sourcecode.c.h; path = ASIAuthenticationDialog.h; sourceTree = "<group>"; };
		E2368AD51828BB2D002047C1 /* ASIAuthenticationDialog.m */ = {isa = PBXFileReference; fileEncoding = 4; lastKnownFileType = sourcecode.c.objc; path = ASIAuthenticationDialog.m; sourceTree = "<group>"; };
		E2368AD61828BB2D002047C1 /* ASICacheDelegate.h */ = {isa = PBXFileReference; fileEncoding = 4; lastKnownFileType = sourcecode.c.h; path = ASICacheDelegate.h; sourceTree = "<group>"; };
		E2368AD71828BB2D002047C1 /* ASIDataCompressor.h */ = {isa = PBXFileReference; fileEncoding = 4; lastKnownFileType = sourcecode.c.h; path = ASIDataCompressor.h; sourceTree = "<group>"; };
		E2368AD81828BB2D002047C1 /* ASIDataCompressor.m */ = {isa = PBXFileReference; fileEncoding = 4; lastKnownFileType = sourcecode.c.objc; path = ASIDataCompressor.m; sourceTree = "<group>"; };
		E2368AD91828BB2D002047C1 /* ASIDataDecompressor.h */ = {isa = PBXFileReference; fileEncoding = 4; lastKnownFileType = sourcecode.c.h; path = ASIDataDecompressor.h; sourceTree = "<group>"; };
		E2368ADA1828BB2D002047C1 /* ASIDataDecompressor.m */ = {isa = PBXFileReference; fileEncoding = 4; lastKnownFileType = sourcecode.c.objc; path = ASIDataDecompressor.m; sourceTree = "<group>"; };
		E2368ADB1828BB2D002047C1 /* ASIDownloadCache.h */ = {isa = PBXFileReference; fileEncoding = 4; lastKnownFileType = sourcecode.c.h; path = ASIDownloadCache.h; sourceTree = "<group>"; };
		E2368ADC1828BB2D002047C1 /* ASIDownloadCache.m */ = {isa = PBXFileReference; fileEncoding = 4; lastKnownFileType = sourcecode.c.objc; path = ASIDownloadCache.m; sourceTree = "<group>"; };
		E2368ADD1828BB2D002047C1 /* ASIFormDataRequest.h */ = {isa = PBXFileReference; fileEncoding = 4; lastKnownFileType = sourcecode.c.h; path = ASIFormDataRequest.h; sourceTree = "<group>"; };
		E2368ADE1828BB2D002047C1 /* ASIFormDataRequest.m */ = {isa = PBXFileReference; fileEncoding = 4; lastKnownFileType = sourcecode.c.objc; path = ASIFormDataRequest.m; sourceTree = "<group>"; };
		E2368ADF1828BB2D002047C1 /* ASIHTTPRequest.h */ = {isa = PBXFileReference; fileEncoding = 4; lastKnownFileType = sourcecode.c.h; path = ASIHTTPRequest.h; sourceTree = "<group>"; };
		E2368AE01828BB2D002047C1 /* ASIHTTPRequest.m */ = {isa = PBXFileReference; fileEncoding = 4; lastKnownFileType = sourcecode.c.objc; path = ASIHTTPRequest.m; sourceTree = "<group>"; };
		E2368AE11828BB2D002047C1 /* ASIHTTPRequestConfig.h */ = {isa = PBXFileReference; fileEncoding = 4; lastKnownFileType = sourcecode.c.h; path = ASIHTTPRequestConfig.h; sourceTree = "<group>"; };
		E2368AE21828BB2D002047C1 /* ASIHTTPRequestDelegate.h */ = {isa = PBXFileReference; fileEncoding = 4; lastKnownFileType = sourcecode.c.h; path = ASIHTTPRequestDelegate.h; sourceTree = "<group>"; };
		E2368AE31828BB2D002047C1 /* ASIInputStream.h */ = {isa = PBXFileReference; fileEncoding = 4; lastKnownFileType = sourcecode.c.h; path = ASIInputStream.h; sourceTree = "<group>"; };
		E2368AE41828BB2D002047C1 /* ASIInputStream.m */ = {isa = PBXFileReference; fileEncoding = 4; lastKnownFileType = sourcecode.c.objc; path = ASIInputStream.m; sourceTree = "<group>"; };
		E2368AE51828BB2D002047C1 /* ASINetworkQueue.h */ = {isa = PBXFileReference; fileEncoding = 4; lastKnownFileType = sourcecode.c.h; path = ASINetworkQueue.h; sourceTree = "<group>"; };
		E2368AE61828BB2D002047C1 /* ASINetworkQueue.m */ = {isa = PBXFileReference; fileEncoding = 4; lastKnownFileType = sourcecode.c.objc; path = ASINetworkQueue.m; sourceTree = "<group>"; };
		E2368AE71828BB2D002047C1 /* ASINSStringAdditions.h */ = {isa = PBXFileReference; fileEncoding = 4; lastKnownFileType = sourcecode.c.h; path = ASINSStringAdditions.h; sourceTree = "<group>"; };
		E2368AE81828BB2D002047C1 /* ASINSStringAdditions.m */ = {isa = PBXFileReference; fileEncoding = 4; lastKnownFileType = sourcecode.c.objc; path = ASINSStringAdditions.m; sourceTree = "<group>"; };
		E2368AE91828BB2D002047C1 /* ASIProgressDelegate.h */ = {isa = PBXFileReference; fileEncoding = 4; lastKnownFileType = sourcecode.c.h; path = ASIProgressDelegate.h; sourceTree = "<group>"; };
		E2368AEA1828BB2D002047C1 /* ASIReachability.h */ = {isa = PBXFileReference; fileEncoding = 4; lastKnownFileType = sourcecode.c.h; path = ASIReachability.h; sourceTree = "<group>"; };
		E2368AEB1828BB2D002047C1 /* ASIReachability.m */ = {isa = PBXFileReference; fileEncoding = 4; lastKnownFileType = sourcecode.c.objc; path = ASIReachability.m; sourceTree = "<group>"; };
		E2368AED1828BB2D002047C1 /* GTMNSString+HTML.h */ = {isa = PBXFileReference; fileEncoding = 4; lastKnownFileType = sourcecode.c.h; path = "GTMNSString+HTML.h"; sourceTree = "<group>"; };
		E2368AEE1828BB2D002047C1 /* GTMNSString+HTML.m */ = {isa = PBXFileReference; fileEncoding = 4; lastKnownFileType = sourcecode.c.objc; path = "GTMNSString+HTML.m"; sourceTree = "<group>"; };
		E2368AEF1828BB2D002047C1 /* NSDate+TomAddition.h */ = {isa = PBXFileReference; fileEncoding = 4; lastKnownFileType = sourcecode.c.h; path = "NSDate+TomAddition.h"; sourceTree = "<group>"; };
		E2368AF01828BB2D002047C1 /* NSDate+TomAddition.m */ = {isa = PBXFileReference; fileEncoding = 4; lastKnownFileType = sourcecode.c.objc; path = "NSDate+TomAddition.m"; sourceTree = "<group>"; };
		E2368AF11828BB2D002047C1 /* NSDictionary+JSON.h */ = {isa = PBXFileReference; fileEncoding = 4; lastKnownFileType = sourcecode.c.h; path = "NSDictionary+JSON.h"; sourceTree = "<group>"; };
		E2368AF21828BB2D002047C1 /* NSDictionary+JSON.m */ = {isa = PBXFileReference; fileEncoding = 4; lastKnownFileType = sourcecode.c.objc; path = "NSDictionary+JSON.m"; sourceTree = "<group>"; };
		E2368AF31828BB2D002047C1 /* NSIndexPath+RG_Utilities.h */ = {isa = PBXFileReference; fileEncoding = 4; lastKnownFileType = sourcecode.c.h; path = "NSIndexPath+RG_Utilities.h"; sourceTree = "<group>"; };
		E2368AF41828BB2D002047C1 /* NSIndexPath+RG_Utilities.m */ = {isa = PBXFileReference; fileEncoding = 4; lastKnownFileType = sourcecode.c.objc; path = "NSIndexPath+RG_Utilities.m"; sourceTree = "<group>"; };
		E2368AF51828BB2D002047C1 /* NSString+MD5Addition.h */ = {isa = PBXFileReference; fileEncoding = 4; lastKnownFileType = sourcecode.c.h; path = "NSString+MD5Addition.h"; sourceTree = "<group>"; };
		E2368AF61828BB2D002047C1 /* NSString+MD5Addition.m */ = {isa = PBXFileReference; fileEncoding = 4; lastKnownFileType = sourcecode.c.objc; path = "NSString+MD5Addition.m"; sourceTree = "<group>"; };
		E2368AF71828BB2D002047C1 /* NSString+TomAddition.h */ = {isa = PBXFileReference; fileEncoding = 4; lastKnownFileType = sourcecode.c.h; path = "NSString+TomAddition.h"; sourceTree = "<group>"; };
		E2368AF81828BB2D002047C1 /* NSString+TomAddition.m */ = {isa = PBXFileReference; fileEncoding = 4; lastKnownFileType = sourcecode.c.objc; path = "NSString+TomAddition.m"; sourceTree = "<group>"; };
		E2368AF91828BB2D002047C1 /* UIImage+Alpha.h */ = {isa = PBXFileReference; fileEncoding = 4; lastKnownFileType = sourcecode.c.h; path = "UIImage+Alpha.h"; sourceTree = "<group>"; };
		E2368AFA1828BB2D002047C1 /* UIImage+Alpha.m */ = {isa = PBXFileReference; fileEncoding = 4; lastKnownFileType = sourcecode.c.objc; path = "UIImage+Alpha.m"; sourceTree = "<group>"; };
		E2368AFB1828BB2D002047C1 /* UIImage+Resize.h */ = {isa = PBXFileReference; fileEncoding = 4; lastKnownFileType = sourcecode.c.h; path = "UIImage+Resize.h"; sourceTree = "<group>"; };
		E2368AFC1828BB2D002047C1 /* UIImage+Resize.m */ = {isa = PBXFileReference; fileEncoding = 4; lastKnownFileType = sourcecode.c.objc; path = "UIImage+Resize.m"; sourceTree = "<group>"; };
		E2368AFD1828BB2D002047C1 /* UIImage+RoundedCorner.h */ = {isa = PBXFileReference; fileEncoding = 4; lastKnownFileType = sourcecode.c.h; path = "UIImage+RoundedCorner.h"; sourceTree = "<group>"; };
		E2368AFE1828BB2D002047C1 /* UIImage+RoundedCorner.m */ = {isa = PBXFileReference; fileEncoding = 4; lastKnownFileType = sourcecode.c.objc; path = "UIImage+RoundedCorner.m"; sourceTree = "<group>"; };
		E2368AFF1828BB2D002047C1 /* UILabel+Addition.h */ = {isa = PBXFileReference; fileEncoding = 4; lastKnownFileType = sourcecode.c.h; path = "UILabel+Addition.h"; sourceTree = "<group>"; };
		E2368B001828BB2D002047C1 /* UILabel+Addition.m */ = {isa = PBXFileReference; fileEncoding = 4; lastKnownFileType = sourcecode.c.objc; path = "UILabel+Addition.m"; sourceTree = "<group>"; };
		E2368B011828BB2D002047C1 /* UIViewController+KNSemiModal.h */ = {isa = PBXFileReference; fileEncoding = 4; lastKnownFileType = sourcecode.c.h; path = "UIViewController+KNSemiModal.h"; sourceTree = "<group>"; };
		E2368B021828BB2D002047C1 /* UIViewController+KNSemiModal.m */ = {isa = PBXFileReference; fileEncoding = 4; lastKnownFileType = sourcecode.c.objc; path = "UIViewController+KNSemiModal.m"; sourceTree = "<group>"; };
		E2368B041828BB2D002047C1 /* GTMBase64.h */ = {isa = PBXFileReference; fileEncoding = 4; lastKnownFileType = sourcecode.c.h; path = GTMBase64.h; sourceTree = "<group>"; };
		E2368B051828BB2D002047C1 /* GTMBase64.m */ = {isa = PBXFileReference; fileEncoding = 4; lastKnownFileType = sourcecode.c.objc; path = GTMBase64.m; sourceTree = "<group>"; };
		E2368B061828BB2D002047C1 /* GTMDefines.h */ = {isa = PBXFileReference; fileEncoding = 4; lastKnownFileType = sourcecode.c.h; path = GTMDefines.h; sourceTree = "<group>"; };
		E2368B071828BB2D002047C1 /* GTMObjC2Runtime.h */ = {isa = PBXFileReference; fileEncoding = 4; lastKnownFileType = sourcecode.c.h; path = GTMObjC2Runtime.h; sourceTree = "<group>"; };
		E2368B081828BB2D002047C1 /* GTMObjC2Runtime.m */ = {isa = PBXFileReference; fileEncoding = 4; lastKnownFileType = sourcecode.c.objc; path = GTMObjC2Runtime.m; sourceTree = "<group>"; };
		E2368B091828BB2D002047C1 /* GTMStackTrace.h */ = {isa = PBXFileReference; fileEncoding = 4; lastKnownFileType = sourcecode.c.h; path = GTMStackTrace.h; sourceTree = "<group>"; };
		E2368B0A1828BB2D002047C1 /* GTMStackTrace.m */ = {isa = PBXFileReference; fileEncoding = 4; lastKnownFileType = sourcecode.c.objc; path = GTMStackTrace.m; sourceTree = "<group>"; };
		E2368B0C1828BB2D002047C1 /* iConsole.h */ = {isa = PBXFileReference; fileEncoding = 4; lastKnownFileType = sourcecode.c.h; path = iConsole.h; sourceTree = "<group>"; };
		E2368B0D1828BB2D002047C1 /* iConsole.m */ = {isa = PBXFileReference; fileEncoding = 4; lastKnownFileType = sourcecode.c.objc; path = iConsole.m; sourceTree = "<group>"; };
		E2368B0F1828BB2D002047C1 /* btn_jinggao.png */ = {isa = PBXFileReference; lastKnownFileType = image.png; path = btn_jinggao.png; sourceTree = "<group>"; };
		E2368B101828BB2D002047C1 /* btn_jinggao@2x.png */ = {isa = PBXFileReference; lastKnownFileType = image.png; path = "btn_jinggao@2x.png"; sourceTree = "<group>"; };
		E2368B111828BB2D002047C1 /* btn_xiaoxi.png */ = {isa = PBXFileReference; lastKnownFileType = image.png; path = btn_xiaoxi.png; sourceTree = "<group>"; };
		E2368B121828BB2D002047C1 /* btn_xiaoxi@2x.png */ = {isa = PBXFileReference; lastKnownFileType = image.png; path = "btn_xiaoxi@2x.png"; sourceTree = "<group>"; };
		E2368B141828BB2D002047C1 /* gy_qipao.png */ = {isa = PBXFileReference; lastKnownFileType = image.png; path = gy_qipao.png; sourceTree = "<group>"; };
		E2368B151828BB2D002047C1 /* gy_qipao@2x.png */ = {isa = PBXFileReference; lastKnownFileType = image.png; path = "gy_qipao@2x.png"; sourceTree = "<group>"; };
		E2368B161828BB2D002047C1 /* gy_qipao_shang.png */ = {isa = PBXFileReference; lastKnownFileType = image.png; path = gy_qipao_shang.png; sourceTree = "<group>"; };
		E2368B171828BB2D002047C1 /* gy_qipao_shang@2x.png */ = {isa = PBXFileReference; lastKnownFileType = image.png; path = "gy_qipao_shang@2x.png"; sourceTree = "<group>"; };
		E2368B181828BB2D002047C1 /* select_frame.png */ = {isa = PBXFileReference; lastKnownFileType = image.png; path = select_frame.png; sourceTree = "<group>"; };
		E2368B191828BB2D002047C1 /* select_frame@2x.png */ = {isa = PBXFileReference; lastKnownFileType = image.png; path = "select_frame@2x.png"; sourceTree = "<group>"; };
		E2368B1A1828BB2D002047C1 /* KeychainItemWrapper.h */ = {isa = PBXFileReference; fileEncoding = 4; lastKnownFileType = sourcecode.c.h; path = KeychainItemWrapper.h; sourceTree = "<group>"; };
		E2368B1B1828BB2D002047C1 /* KeychainItemWrapper.m */ = {isa = PBXFileReference; fileEncoding = 4; lastKnownFileType = sourcecode.c.objc; path = KeychainItemWrapper.m; sourceTree = "<group>"; };
		E2368B1C1828BB2D002047C1 /* Macros.h */ = {isa = PBXFileReference; fileEncoding = 4; lastKnownFileType = sourcecode.c.h; path = Macros.h; sourceTree = "<group>"; };
		E2368B1D1828BB2D002047C1 /* SqlDB_lock.h */ = {isa = PBXFileReference; fileEncoding = 4; lastKnownFileType = sourcecode.c.h; path = SqlDB_lock.h; sourceTree = "<group>"; };
		E2368B1E1828BB2D002047C1 /* SqlDB_lock.m */ = {isa = PBXFileReference; fileEncoding = 4; lastKnownFileType = sourcecode.c.objc; path = SqlDB_lock.m; sourceTree = "<group>"; };
		E2368B1F1828BB2D002047C1 /* Utilities.h */ = {isa = PBXFileReference; fileEncoding = 4; lastKnownFileType = sourcecode.c.h; path = Utilities.h; sourceTree = "<group>"; };
		E2368B201828BB2D002047C1 /* Utilities.m */ = {isa = PBXFileReference; fileEncoding = 4; lastKnownFileType = sourcecode.c.objc; path = Utilities.m; sourceTree = "<group>"; };
		E2368B221828BB2D002047C1 /* SVProgressHUD.bundle */ = {isa = PBXFileReference; lastKnownFileType = "wrapper.plug-in"; path = SVProgressHUD.bundle; sourceTree = "<group>"; };
		E2368B231828BB2D002047C1 /* SVProgressHUD.h */ = {isa = PBXFileReference; fileEncoding = 4; lastKnownFileType = sourcecode.c.h; path = SVProgressHUD.h; sourceTree = "<group>"; };
		E2368B241828BB2D002047C1 /* SVProgressHUD.m */ = {isa = PBXFileReference; fileEncoding = 4; lastKnownFileType = sourcecode.c.objc; path = SVProgressHUD.m; sourceTree = "<group>"; };
		E2368B261828BB2D002047C1 /* TKAlertCenter.h */ = {isa = PBXFileReference; fileEncoding = 4; lastKnownFileType = sourcecode.c.h; path = TKAlertCenter.h; sourceTree = "<group>"; };
		E2368B271828BB2D002047C1 /* TKAlertCenter.m */ = {isa = PBXFileReference; fileEncoding = 4; lastKnownFileType = sourcecode.c.objc; path = TKAlertCenter.m; sourceTree = "<group>"; };
		E2368B281828BB2D002047C1 /* TKSwitchCell.h */ = {isa = PBXFileReference; fileEncoding = 4; lastKnownFileType = sourcecode.c.h; path = TKSwitchCell.h; sourceTree = "<group>"; };
		E2368B291828BB2D002047C1 /* TKSwitchCell.m */ = {isa = PBXFileReference; fileEncoding = 4; lastKnownFileType = sourcecode.c.objc; path = TKSwitchCell.m; sourceTree = "<group>"; };
		E2368B2A1828BB2D002047C1 /* UIView+TKCategory.h */ = {isa = PBXFileReference; fileEncoding = 4; lastKnownFileType = sourcecode.c.h; path = "UIView+TKCategory.h"; sourceTree = "<group>"; };
		E2368B2B1828BB2D002047C1 /* UIView+TKCategory.m */ = {isa = PBXFileReference; fileEncoding = 4; lastKnownFileType = sourcecode.c.objc; path = "UIView+TKCategory.m"; sourceTree = "<group>"; };
		E2368B571828BB70002047C1 /* CommonTypes.h */ = {isa = PBXFileReference; fileEncoding = 4; lastKnownFileType = sourcecode.c.h; path = CommonTypes.h; sourceTree = "<group>"; };
		E2368B591828BC96002047C1 /* JSON20.h */ = {isa = PBXFileReference; fileEncoding = 4; lastKnownFileType = sourcecode.c.h; path = JSON20.h; sourceTree = "<group>"; };
		E2368B5A1828BC96002047C1 /* NSObject+SBJSON.h */ = {isa = PBXFileReference; fileEncoding = 4; lastKnownFileType = sourcecode.c.h; path = "NSObject+SBJSON.h"; sourceTree = "<group>"; };
		E2368B5B1828BC96002047C1 /* NSObject+SBJSON.m */ = {isa = PBXFileReference; fileEncoding = 4; lastKnownFileType = sourcecode.c.objc; path = "NSObject+SBJSON.m"; sourceTree = "<group>"; };
		E2368B5C1828BC96002047C1 /* NSString+SBJSON.h */ = {isa = PBXFileReference; fileEncoding = 4; lastKnownFileType = sourcecode.c.h; path = "NSString+SBJSON.h"; sourceTree = "<group>"; };
		E2368B5D1828BC96002047C1 /* NSString+SBJSON.m */ = {isa = PBXFileReference; fileEncoding = 4; lastKnownFileType = sourcecode.c.objc; path = "NSString+SBJSON.m"; sourceTree = "<group>"; };
		E2368B5E1828BC96002047C1 /* SBJSON.h */ = {isa = PBXFileReference; fileEncoding = 4; lastKnownFileType = sourcecode.c.h; path = SBJSON.h; sourceTree = "<group>"; };
		E2368B5F1828BC96002047C1 /* SBJSON.m */ = {isa = PBXFileReference; fileEncoding = 4; lastKnownFileType = sourcecode.c.objc; path = SBJSON.m; sourceTree = "<group>"; };
		E2368B601828BC96002047C1 /* SBJsonBase.h */ = {isa = PBXFileReference; fileEncoding = 4; lastKnownFileType = sourcecode.c.h; path = SBJsonBase.h; sourceTree = "<group>"; };
		E2368B611828BC96002047C1 /* SBJsonBase.m */ = {isa = PBXFileReference; fileEncoding = 4; lastKnownFileType = sourcecode.c.objc; path = SBJsonBase.m; sourceTree = "<group>"; };
		E2368B621828BC96002047C1 /* SBJsonParser.h */ = {isa = PBXFileReference; fileEncoding = 4; lastKnownFileType = sourcecode.c.h; path = SBJsonParser.h; sourceTree = "<group>"; };
		E2368B631828BC96002047C1 /* SBJsonParser.m */ = {isa = PBXFileReference; fileEncoding = 4; lastKnownFileType = sourcecode.c.objc; path = SBJsonParser.m; sourceTree = "<group>"; };
		E2368B641828BC96002047C1 /* SBJsonWriter.h */ = {isa = PBXFileReference; fileEncoding = 4; lastKnownFileType = sourcecode.c.h; path = SBJsonWriter.h; sourceTree = "<group>"; };
		E2368B651828BC96002047C1 /* SBJsonWriter.m */ = {isa = PBXFileReference; fileEncoding = 4; lastKnownFileType = sourcecode.c.objc; path = SBJsonWriter.m; sourceTree = "<group>"; };
		E2572DC31654F89900E96C87 /* WLStartNewGameVCTL.h */ = {isa = PBXFileReference; fileEncoding = 4; lastKnownFileType = sourcecode.c.h; path = WLStartNewGameVCTL.h; sourceTree = "<group>"; };
		E2572DC41654F89900E96C87 /* WLStartNewGameVCTL.m */ = {isa = PBXFileReference; fileEncoding = 4; lastKnownFileType = sourcecode.c.objc; path = WLStartNewGameVCTL.m; sourceTree = "<group>"; };
		E2572DC51654F89900E96C87 /* WLStartNewGameVCTL.xib */ = {isa = PBXFileReference; fileEncoding = 4; lastKnownFileType = file.xib; path = WLStartNewGameVCTL.xib; sourceTree = "<group>"; };
		E2572DC816550B7B00E96C87 /* mainDB.sqlite */ = {isa = PBXFileReference; lastKnownFileType = file; path = mainDB.sqlite; sourceTree = "<group>"; };
		E2572DD7165519A700E96C87 /* RegexKitLite.h */ = {isa = PBXFileReference; fileEncoding = 4; lastKnownFileType = sourcecode.c.h; path = RegexKitLite.h; sourceTree = "<group>"; };
		E2572DD8165519A700E96C87 /* RegexKitLite.m */ = {isa = PBXFileReference; fileEncoding = 4; lastKnownFileType = sourcecode.c.objc; path = RegexKitLite.m; sourceTree = "<group>"; };
		E2572DE4165519FD00E96C87 /* AudioToolbox.framework */ = {isa = PBXFileReference; lastKnownFileType = wrapper.framework; name = AudioToolbox.framework; path = System/Library/Frameworks/AudioToolbox.framework; sourceTree = SDKROOT; };
		E2572DE616551AC300E96C87 /* libicucore.dylib */ = {isa = PBXFileReference; lastKnownFileType = "compiled.mach-o.dylib"; name = libicucore.dylib; path = usr/lib/libicucore.dylib; sourceTree = SDKROOT; };
		E2572DEB165520B300E96C87 /* WLAllUsersTableVCTL.h */ = {isa = PBXFileReference; fileEncoding = 4; lastKnownFileType = sourcecode.c.h; path = WLAllUsersTableVCTL.h; sourceTree = "<group>"; };
		E2572DEC165520B400E96C87 /* WLAllUsersTableVCTL.m */ = {isa = PBXFileReference; fileEncoding = 4; lastKnownFileType = sourcecode.c.objc; path = WLAllUsersTableVCTL.m; sourceTree = "<group>"; };
		E2572DED165520B400E96C87 /* WLAllUsersTableVCTL.xib */ = {isa = PBXFileReference; fileEncoding = 4; lastKnownFileType = file.xib; path = WLAllUsersTableVCTL.xib; sourceTree = "<group>"; };
		E2572DF11655292500E96C87 /* WLSummaryTableVCTL.h */ = {isa = PBXFileReference; fileEncoding = 4; lastKnownFileType = sourcecode.c.h; path = WLSummaryTableVCTL.h; sourceTree = "<group>"; };
		E2572DF21655292500E96C87 /* WLSummaryTableVCTL.m */ = {isa = PBXFileReference; fileEncoding = 4; lastKnownFileType = sourcecode.c.objc; path = WLSummaryTableVCTL.m; sourceTree = "<group>"; };
		E2572DF31655292500E96C87 /* WLSummaryTableVCTL.xib */ = {isa = PBXFileReference; fileEncoding = 4; lastKnownFileType = file.xib; path = WLSummaryTableVCTL.xib; sourceTree = "<group>"; };
		E2572DF616552B0700E96C87 /* WLdbGameObj.h */ = {isa = PBXFileReference; fileEncoding = 4; lastKnownFileType = sourcecode.c.h; path = WLdbGameObj.h; sourceTree = "<group>"; };
		E2572DF716552B0700E96C87 /* WLdbGameObj.m */ = {isa = PBXFileReference; fileEncoding = 4; lastKnownFileType = sourcecode.c.objc; path = WLdbGameObj.m; sourceTree = "<group>"; };
		E2572DFE1655E6FA00E96C87 /* WLAddGameScoreVCTL.h */ = {isa = PBXFileReference; fileEncoding = 4; lastKnownFileType = sourcecode.c.h; path = WLAddGameScoreVCTL.h; sourceTree = "<group>"; };
		E2572DFF1655E6FA00E96C87 /* WLAddGameScoreVCTL.m */ = {isa = PBXFileReference; fileEncoding = 4; lastKnownFileType = sourcecode.c.objc; path = WLAddGameScoreVCTL.m; sourceTree = "<group>"; };
		E2572E001655E6FA00E96C87 /* WLAddGameScoreVCTL.xib */ = {isa = PBXFileReference; fileEncoding = 4; lastKnownFileType = file.xib; path = WLAddGameScoreVCTL.xib; sourceTree = "<group>"; };
		E29D68BE16B9090600C4B706 /* SystemConfiguration.framework */ = {isa = PBXFileReference; lastKnownFileType = wrapper.framework; name = SystemConfiguration.framework; path = System/Library/Frameworks/SystemConfiguration.framework; sourceTree = SDKROOT; };
		E29D68C016B9090F00C4B706 /* MessageUI.framework */ = {isa = PBXFileReference; lastKnownFileType = wrapper.framework; name = MessageUI.framework; path = System/Library/Frameworks/MessageUI.framework; sourceTree = SDKROOT; };
		E29D68C216B9091900C4B706 /* CoreTelephony.framework */ = {isa = PBXFileReference; lastKnownFileType = wrapper.framework; name = CoreTelephony.framework; path = System/Library/Frameworks/CoreTelephony.framework; sourceTree = SDKROOT; };
		E29D68C416B9092A00C4B706 /* CFNetwork.framework */ = {isa = PBXFileReference; lastKnownFileType = wrapper.framework; name = CFNetwork.framework; path = System/Library/Frameworks/CFNetwork.framework; sourceTree = SDKROOT; };
		E29D68C616B90E2A00C4B706 /* MobileCoreServices.framework */ = {isa = PBXFileReference; lastKnownFileType = wrapper.framework; name = MobileCoreServices.framework; path = System/Library/Frameworks/MobileCoreServices.framework; sourceTree = SDKROOT; };
		E29D68C816B90E2E00C4B706 /* libz.dylib */ = {isa = PBXFileReference; lastKnownFileType = "compiled.mach-o.dylib"; name = libz.dylib; path = usr/lib/libz.dylib; sourceTree = SDKROOT; };
		E2CA7ED016605DC50021BFFA /* WLdbSettings.h */ = {isa = PBXFileReference; fileEncoding = 4; lastKnownFileType = sourcecode.c.h; path = WLdbSettings.h; sourceTree = "<group>"; };
		E2CA7ED116605DC50021BFFA /* WLdbSettings.m */ = {isa = PBXFileReference; fileEncoding = 4; lastKnownFileType = sourcecode.c.objc; path = WLdbSettings.m; sourceTree = "<group>"; };
		E2CFAF991654A6260053ADCB /* WinerLoser.app */ = {isa = PBXFileReference; explicitFileType = wrapper.application; includeInIndex = 0; path = WinerLoser.app; sourceTree = BUILT_PRODUCTS_DIR; };
		E2CFAF9D1654A6260053ADCB /* UIKit.framework */ = {isa = PBXFileReference; lastKnownFileType = wrapper.framework; name = UIKit.framework; path = System/Library/Frameworks/UIKit.framework; sourceTree = SDKROOT; };
		E2CFAF9F1654A6260053ADCB /* Foundation.framework */ = {isa = PBXFileReference; lastKnownFileType = wrapper.framework; name = Foundation.framework; path = System/Library/Frameworks/Foundation.framework; sourceTree = SDKROOT; };
		E2CFAFA11654A6260053ADCB /* CoreGraphics.framework */ = {isa = PBXFileReference; lastKnownFileType = wrapper.framework; name = CoreGraphics.framework; path = System/Library/Frameworks/CoreGraphics.framework; sourceTree = SDKROOT; };
		E2CFAFA51654A6260053ADCB /* WinerLoser-Info.plist */ = {isa = PBXFileReference; lastKnownFileType = text.plist.xml; path = "WinerLoser-Info.plist"; sourceTree = "<group>"; };
		E2CFAFA71654A6260053ADCB /* en */ = {isa = PBXFileReference; lastKnownFileType = text.plist.strings; name = en; path = en.lproj/InfoPlist.strings; sourceTree = "<group>"; };
		E2CFAFA91654A6260053ADCB /* main.m */ = {isa = PBXFileReference; lastKnownFileType = sourcecode.c.objc; path = main.m; sourceTree = "<group>"; };
		E2CFAFAB1654A6260053ADCB /* WinerLoser-Prefix.pch */ = {isa = PBXFileReference; lastKnownFileType = sourcecode.c.h; path = "WinerLoser-Prefix.pch"; sourceTree = "<group>"; };
		E2CFAFAC1654A6260053ADCB /* WLAppDelegate.h */ = {isa = PBXFileReference; lastKnownFileType = sourcecode.c.h; path = WLAppDelegate.h; sourceTree = "<group>"; };
		E2CFAFAD1654A6260053ADCB /* WLAppDelegate.m */ = {isa = PBXFileReference; lastKnownFileType = sourcecode.c.objc; path = WLAppDelegate.m; sourceTree = "<group>"; };
		E2CFAFAF1654A6260053ADCB /* Default.png */ = {isa = PBXFileReference; lastKnownFileType = image.png; path = Default.png; sourceTree = "<group>"; };
		E2CFAFB11654A6260053ADCB /* Default@2x.png */ = {isa = PBXFileReference; lastKnownFileType = image.png; path = "Default@2x.png"; sourceTree = "<group>"; };
		E2CFAFB31654A6260053ADCB /* Default-568h@2x.png */ = {isa = PBXFileReference; lastKnownFileType = image.png; path = "Default-568h@2x.png"; sourceTree = "<group>"; };
		E2CFAFB51654A6260053ADCB /* WLViewController.h */ = {isa = PBXFileReference; lastKnownFileType = sourcecode.c.h; path = WLViewController.h; sourceTree = "<group>"; };
		E2CFAFB61654A6260053ADCB /* WLViewController.m */ = {isa = PBXFileReference; lastKnownFileType = sourcecode.c.objc; path = WLViewController.m; sourceTree = "<group>"; };
		E2CFAFB91654A6260053ADCB /* en */ = {isa = PBXFileReference; lastKnownFileType = file.xib; name = en; path = en.lproj/WLViewController.xib; sourceTree = "<group>"; };
		E2CFAFC41654A7FB0053ADCB /* WLdbUserObj.h */ = {isa = PBXFileReference; fileEncoding = 4; lastKnownFileType = sourcecode.c.h; path = WLdbUserObj.h; sourceTree = "<group>"; };
		E2CFAFC51654A7FB0053ADCB /* WLdbUserObj.m */ = {isa = PBXFileReference; fileEncoding = 4; lastKnownFileType = sourcecode.c.objc; path = WLdbUserObj.m; sourceTree = "<group>"; };
		E2CFB6F31654A9440053ADCB /* libsqlite3.dylib */ = {isa = PBXFileReference; lastKnownFileType = "compiled.mach-o.dylib"; name = libsqlite3.dylib; path = usr/lib/libsqlite3.dylib; sourceTree = SDKROOT; };
		E2CFB6F51654AA1D0053ADCB /* WLdbObj.h */ = {isa = PBXFileReference; fileEncoding = 4; lastKnownFileType = sourcecode.c.h; path = WLdbObj.h; sourceTree = "<group>"; };
		E2CFB6F61654AA1D0053ADCB /* WLdbObj.m */ = {isa = PBXFileReference; fileEncoding = 4; lastKnownFileType = sourcecode.c.objc; path = WLdbObj.m; sourceTree = "<group>"; };
		E2D2F54216A6FC4800179F91 /* WLScoreCell.h */ = {isa = PBXFileReference; fileEncoding = 4; lastKnownFileType = sourcecode.c.h; path = WLScoreCell.h; sourceTree = "<group>"; };
		E2D2F54316A6FC4800179F91 /* WLScoreCell.m */ = {isa = PBXFileReference; fileEncoding = 4; lastKnownFileType = sourcecode.c.objc; path = WLScoreCell.m; sourceTree = "<group>"; };
		E2D2F54516A6FD6A00179F91 /* WLScoreObj.h */ = {isa = PBXFileReference; fileEncoding = 4; lastKnownFileType = sourcecode.c.h; path = WLScoreObj.h; sourceTree = "<group>"; };
		E2D2F54616A6FD6A00179F91 /* WLScoreObj.m */ = {isa = PBXFileReference; fileEncoding = 4; lastKnownFileType = sourcecode.c.objc; path = WLScoreObj.m; sourceTree = "<group>"; };
		E2E66F3616A6B967007D928B /* WLCashOutObj.h */ = {isa = PBXFileReference; fileEncoding = 4; lastKnownFileType = sourcecode.c.h; name = WLCashOutObj.h; path = WinerLoser/WLCashOutObj.h; sourceTree = "<group>"; };
		E2E66F3716A6B967007D928B /* WLCashOutObj.m */ = {isa = PBXFileReference; fileEncoding = 4; lastKnownFileType = sourcecode.c.objc; name = WLCashOutObj.m; path = WinerLoser/WLCashOutObj.m; sourceTree = "<group>"; };
		E2E7386E166087E10019A3FD /* WLSummaryCell.h */ = {isa = PBXFileReference; fileEncoding = 4; lastKnownFileType = sourcecode.c.h; path = WLSummaryCell.h; sourceTree = "<group>"; };
		E2E7386F166087E10019A3FD /* WLSummaryCell.m */ = {isa = PBXFileReference; fileEncoding = 4; lastKnownFileType = sourcecode.c.objc; path = WLSummaryCell.m; sourceTree = "<group>"; };
		E2E7387116608ACC0019A3FD /* WLSummaryObj.h */ = {isa = PBXFileReference; fileEncoding = 4; lastKnownFileType = sourcecode.c.h; path = WLSummaryObj.h; sourceTree = "<group>"; };
		E2E7387216608ACC0019A3FD /* WLSummaryObj.m */ = {isa = PBXFileReference; fileEncoding = 4; lastKnownFileType = sourcecode.c.objc; path = WLSummaryObj.m; sourceTree = "<group>"; };
		E2E73874166092060019A3FD /* TableViewCell.xib */ = {isa = PBXFileReference; fileEncoding = 4; lastKnownFileType = file.xib; path = TableViewCell.xib; sourceTree = "<group>"; };
		E2F3660D16631584009815D9 /* Icon.png */ = {isa = PBXFileReference; lastKnownFileType = image.png; path = Icon.png; sourceTree = "<group>"; };
		E2F3660E16631584009815D9 /* Icon@2x.png */ = {isa = PBXFileReference; lastKnownFileType = image.png; path = "Icon@2x.png"; sourceTree = "<group>"; };
		E2FDA5BF1661108A000DC0A1 /* WLCashOutCell.h */ = {isa = PBXFileReference; fileEncoding = 4; lastKnownFileType = sourcecode.c.h; name = WLCashOutCell.h; path = WinerLoser/WLCashOutCell.h; sourceTree = "<group>"; };
		E2FDA5C01661108A000DC0A1 /* WLCashOutCell.m */ = {isa = PBXFileReference; fileEncoding = 4; lastKnownFileType = sourcecode.c.objc; name = WLCashOutCell.m; path = WinerLoser/WLCashOutCell.m; sourceTree = "<group>"; };
		E2FDA5C316611649000DC0A1 /* WLCashOutVCTL.h */ = {isa = PBXFileReference; fileEncoding = 4; lastKnownFileType = sourcecode.c.h; name = WLCashOutVCTL.h; path = WinerLoser/WLCashOutVCTL.h; sourceTree = "<group>"; };
		E2FDA5C416611649000DC0A1 /* WLCashOutVCTL.m */ = {isa = PBXFileReference; fileEncoding = 4; lastKnownFileType = sourcecode.c.objc; name = WLCashOutVCTL.m; path = WinerLoser/WLCashOutVCTL.m; sourceTree = "<group>"; };
		E2FDA5C516611649000DC0A1 /* WLCashOutVCTL.xib */ = {isa = PBXFileReference; fileEncoding = 4; lastKnownFileType = file.xib; name = WLCashOutVCTL.xib; path = WinerLoser/WLCashOutVCTL.xib; sourceTree = "<group>"; };
/* End PBXFileReference section */

/* Begin PBXFrameworksBuildPhase section */
		E2CFAF961654A6260053ADCB /* Frameworks */ = {
			isa = PBXFrameworksBuildPhase;
			buildActionMask = 2147483647;
			files = (
				E2368AD21828B726002047C1 /* Security.framework in Frameworks */,
				E2368ACA1828B355002047C1 /* QuartzCore.framework in Frameworks */,
				E2368AC81828B338002047C1 /* AdSupport.framework in Frameworks */,
				E29D68C916B90E2E00C4B706 /* libz.dylib in Frameworks */,
				E29D68C716B90E2A00C4B706 /* MobileCoreServices.framework in Frameworks */,
				E29D68C516B9092A00C4B706 /* CFNetwork.framework in Frameworks */,
				E29D68C316B9091900C4B706 /* CoreTelephony.framework in Frameworks */,
				E29D68C116B9090F00C4B706 /* MessageUI.framework in Frameworks */,
				E29D68BF16B9090600C4B706 /* SystemConfiguration.framework in Frameworks */,
				E2572DE816551AE300E96C87 /* libicucore.dylib in Frameworks */,
				E2572DE5165519FD00E96C87 /* AudioToolbox.framework in Frameworks */,
				E2CFB6F41654A9440053ADCB /* libsqlite3.dylib in Frameworks */,
				E2CFAF9E1654A6260053ADCB /* UIKit.framework in Frameworks */,
				E2CFAFA01654A6260053ADCB /* Foundation.framework in Frameworks */,
				E2CFAFA21654A6260053ADCB /* CoreGraphics.framework in Frameworks */,
			);
			runOnlyForDeploymentPostprocessing = 0;
		};
/* End PBXFrameworksBuildPhase section */

/* Begin PBXGroup section */
		E232944A16578635004C0907 /* 浏览历史 */ = {
			isa = PBXGroup;
			children = (
				E2572DF11655292500E96C87 /* WLSummaryTableVCTL.h */,
				E2572DF21655292500E96C87 /* WLSummaryTableVCTL.m */,
				E2572DF31655292500E96C87 /* WLSummaryTableVCTL.xib */,
				E232944B1657866C004C0907 /* WLGameHistoryVCTL.h */,
				E232944C1657866C004C0907 /* WLGameHistoryVCTL.m */,
				E232944D1657866C004C0907 /* WLGameHistoryVCTL.xib */,
				E232945016578FA5004C0907 /* WLUserHistoryVCTL.h */,
				E232945116578FA5004C0907 /* WLUserHistoryVCTL.m */,
				E232945216578FA5004C0907 /* WLUserHistoryVCTL.xib */,
				E2E7386E166087E10019A3FD /* WLSummaryCell.h */,
				E2E7386F166087E10019A3FD /* WLSummaryCell.m */,
				E2E7387116608ACC0019A3FD /* WLSummaryObj.h */,
				E2E7387216608ACC0019A3FD /* WLSummaryObj.m */,
				9B8FE92F189620D500A45438 /* WLDeleteUserVCTL.h */,
				9B8FE930189620D500A45438 /* WLDeleteUserVCTL.m */,
				9B8FE931189620D500A45438 /* WLDeleteUserVCTL.xib */,
			);
			name = "浏览历史";
			sourceTree = "<group>";
		};
		E23294551657B12B004C0907 /* 设置 */ = {
			isa = PBXGroup;
			children = (
				E2130EBC1661F0DE00E09F28 /* WLGameInfo.h */,
				E2130EBD1661F0DE00E09F28 /* WLGameInfo.m */,
				E23294561657B141004C0907 /* WLSettingsVCTL.h */,
				E23294571657B141004C0907 /* WLSettingsVCTL.m */,
				E23294581657B141004C0907 /* WLSettingsVCTL.xib */,
				E2CA7ED016605DC50021BFFA /* WLdbSettings.h */,
				E2CA7ED116605DC50021BFFA /* WLdbSettings.m */,
			);
			name = "设置";
			sourceTree = "<group>";
		};
		E2368AD31828BB2D002047C1 /* ASIHTTPRequest */ = {
			isa = PBXGroup;
			children = (
				E2368AD41828BB2D002047C1 /* ASIAuthenticationDialog.h */,
				E2368AD51828BB2D002047C1 /* ASIAuthenticationDialog.m */,
				E2368AD61828BB2D002047C1 /* ASICacheDelegate.h */,
				E2368AD71828BB2D002047C1 /* ASIDataCompressor.h */,
				E2368AD81828BB2D002047C1 /* ASIDataCompressor.m */,
				E2368AD91828BB2D002047C1 /* ASIDataDecompressor.h */,
				E2368ADA1828BB2D002047C1 /* ASIDataDecompressor.m */,
				E2368ADB1828BB2D002047C1 /* ASIDownloadCache.h */,
				E2368ADC1828BB2D002047C1 /* ASIDownloadCache.m */,
				E2368ADD1828BB2D002047C1 /* ASIFormDataRequest.h */,
				E2368ADE1828BB2D002047C1 /* ASIFormDataRequest.m */,
				E2368ADF1828BB2D002047C1 /* ASIHTTPRequest.h */,
				E2368AE01828BB2D002047C1 /* ASIHTTPRequest.m */,
				E2368AE11828BB2D002047C1 /* ASIHTTPRequestConfig.h */,
				E2368AE21828BB2D002047C1 /* ASIHTTPRequestDelegate.h */,
				E2368AE31828BB2D002047C1 /* ASIInputStream.h */,
				E2368AE41828BB2D002047C1 /* ASIInputStream.m */,
				E2368AE51828BB2D002047C1 /* ASINetworkQueue.h */,
				E2368AE61828BB2D002047C1 /* ASINetworkQueue.m */,
				E2368AE71828BB2D002047C1 /* ASINSStringAdditions.h */,
				E2368AE81828BB2D002047C1 /* ASINSStringAdditions.m */,
				E2368AE91828BB2D002047C1 /* ASIProgressDelegate.h */,
				E2368AEA1828BB2D002047C1 /* ASIReachability.h */,
				E2368AEB1828BB2D002047C1 /* ASIReachability.m */,
			);
			path = ASIHTTPRequest;
			sourceTree = SOURCE_ROOT;
		};
		E2368AEC1828BB2D002047C1 /* Categories */ = {
			isa = PBXGroup;
			children = (
				E2368AED1828BB2D002047C1 /* GTMNSString+HTML.h */,
				E2368AEE1828BB2D002047C1 /* GTMNSString+HTML.m */,
				E2368AEF1828BB2D002047C1 /* NSDate+TomAddition.h */,
				E2368AF01828BB2D002047C1 /* NSDate+TomAddition.m */,
				E2368AF11828BB2D002047C1 /* NSDictionary+JSON.h */,
				E2368AF21828BB2D002047C1 /* NSDictionary+JSON.m */,
				E2368AF31828BB2D002047C1 /* NSIndexPath+RG_Utilities.h */,
				E2368AF41828BB2D002047C1 /* NSIndexPath+RG_Utilities.m */,
				E2368AF51828BB2D002047C1 /* NSString+MD5Addition.h */,
				E2368AF61828BB2D002047C1 /* NSString+MD5Addition.m */,
				E2368AF71828BB2D002047C1 /* NSString+TomAddition.h */,
				E2368AF81828BB2D002047C1 /* NSString+TomAddition.m */,
				E2368AF91828BB2D002047C1 /* UIImage+Alpha.h */,
				E2368AFA1828BB2D002047C1 /* UIImage+Alpha.m */,
				E2368AFB1828BB2D002047C1 /* UIImage+Resize.h */,
				E2368AFC1828BB2D002047C1 /* UIImage+Resize.m */,
				E2368AFD1828BB2D002047C1 /* UIImage+RoundedCorner.h */,
				E2368AFE1828BB2D002047C1 /* UIImage+RoundedCorner.m */,
				E2368AFF1828BB2D002047C1 /* UILabel+Addition.h */,
				E2368B001828BB2D002047C1 /* UILabel+Addition.m */,
				E2368B011828BB2D002047C1 /* UIViewController+KNSemiModal.h */,
				E2368B021828BB2D002047C1 /* UIViewController+KNSemiModal.m */,
			);
			path = Categories;
			sourceTree = SOURCE_ROOT;
		};
		E2368B031828BB2D002047C1 /* GTM */ = {
			isa = PBXGroup;
			children = (
				E2368B041828BB2D002047C1 /* GTMBase64.h */,
				E2368B051828BB2D002047C1 /* GTMBase64.m */,
				E2368B061828BB2D002047C1 /* GTMDefines.h */,
				E2368B071828BB2D002047C1 /* GTMObjC2Runtime.h */,
				E2368B081828BB2D002047C1 /* GTMObjC2Runtime.m */,
				E2368B091828BB2D002047C1 /* GTMStackTrace.h */,
				E2368B0A1828BB2D002047C1 /* GTMStackTrace.m */,
			);
			path = GTM;
			sourceTree = SOURCE_ROOT;
		};
		E2368B0B1828BB2D002047C1 /* iConsole */ = {
			isa = PBXGroup;
			children = (
				E2368B0C1828BB2D002047C1 /* iConsole.h */,
				E2368B0D1828BB2D002047C1 /* iConsole.m */,
			);
			path = iConsole;
			sourceTree = SOURCE_ROOT;
		};
		E2368B0E1828BB2D002047C1 /* Ruoogle */ = {
			isa = PBXGroup;
			children = (
				E2368B571828BB70002047C1 /* CommonTypes.h */,
				E2368B0F1828BB2D002047C1 /* btn_jinggao.png */,
				E2368B101828BB2D002047C1 /* btn_jinggao@2x.png */,
				E2368B111828BB2D002047C1 /* btn_xiaoxi.png */,
				E2368B121828BB2D002047C1 /* btn_xiaoxi@2x.png */,
				E2368B131828BB2D002047C1 /* Images */,
				E2368B1A1828BB2D002047C1 /* KeychainItemWrapper.h */,
				E2368B1B1828BB2D002047C1 /* KeychainItemWrapper.m */,
				E2368B1C1828BB2D002047C1 /* Macros.h */,
				E2368B1D1828BB2D002047C1 /* SqlDB_lock.h */,
				E2368B1E1828BB2D002047C1 /* SqlDB_lock.m */,
				E2368B1F1828BB2D002047C1 /* Utilities.h */,
				E2368B201828BB2D002047C1 /* Utilities.m */,
			);
			path = Ruoogle;
			sourceTree = SOURCE_ROOT;
		};
		E2368B131828BB2D002047C1 /* Images */ = {
			isa = PBXGroup;
			children = (
				E2368B141828BB2D002047C1 /* gy_qipao.png */,
				E2368B151828BB2D002047C1 /* gy_qipao@2x.png */,
				E2368B161828BB2D002047C1 /* gy_qipao_shang.png */,
				E2368B171828BB2D002047C1 /* gy_qipao_shang@2x.png */,
				E2368B181828BB2D002047C1 /* select_frame.png */,
				E2368B191828BB2D002047C1 /* select_frame@2x.png */,
			);
			path = Images;
			sourceTree = "<group>";
		};
		E2368B211828BB2D002047C1 /* SVProgressHUD */ = {
			isa = PBXGroup;
			children = (
				E2368B221828BB2D002047C1 /* SVProgressHUD.bundle */,
				E2368B231828BB2D002047C1 /* SVProgressHUD.h */,
				E2368B241828BB2D002047C1 /* SVProgressHUD.m */,
			);
			path = SVProgressHUD;
			sourceTree = SOURCE_ROOT;
		};
		E2368B251828BB2D002047C1 /* TK */ = {
			isa = PBXGroup;
			children = (
				E2368B261828BB2D002047C1 /* TKAlertCenter.h */,
				E2368B271828BB2D002047C1 /* TKAlertCenter.m */,
				E2368B281828BB2D002047C1 /* TKSwitchCell.h */,
				E2368B291828BB2D002047C1 /* TKSwitchCell.m */,
				E2368B2A1828BB2D002047C1 /* UIView+TKCategory.h */,
				E2368B2B1828BB2D002047C1 /* UIView+TKCategory.m */,
			);
			path = TK;
			sourceTree = SOURCE_ROOT;
		};
		E2368B581828BC96002047C1 /* SBJSON */ = {
			isa = PBXGroup;
			children = (
				E2368B591828BC96002047C1 /* JSON20.h */,
				E2368B5A1828BC96002047C1 /* NSObject+SBJSON.h */,
				E2368B5B1828BC96002047C1 /* NSObject+SBJSON.m */,
				E2368B5C1828BC96002047C1 /* NSString+SBJSON.h */,
				E2368B5D1828BC96002047C1 /* NSString+SBJSON.m */,
				E2368B5E1828BC96002047C1 /* SBJSON.h */,
				E2368B5F1828BC96002047C1 /* SBJSON.m */,
				E2368B601828BC96002047C1 /* SBJsonBase.h */,
				E2368B611828BC96002047C1 /* SBJsonBase.m */,
				E2368B621828BC96002047C1 /* SBJsonParser.h */,
				E2368B631828BC96002047C1 /* SBJsonParser.m */,
				E2368B641828BC96002047C1 /* SBJsonWriter.h */,
				E2368B651828BC96002047C1 /* SBJsonWriter.m */,
			);
			path = SBJSON;
			sourceTree = SOURCE_ROOT;
		};
		E2572DF0165528FC00E96C87 /* 计分 */ = {
			isa = PBXGroup;
			children = (
				E212F49116ABB78E009BFE50 /* bg_xiantiao.png */,
				E212F49216ABB78E009BFE50 /* bg_xiantiao@2x.png */,
				E2572DF616552B0700E96C87 /* WLdbGameObj.h */,
				E2572DF716552B0700E96C87 /* WLdbGameObj.m */,
				E2572DFE1655E6FA00E96C87 /* WLAddGameScoreVCTL.h */,
				E2572DFF1655E6FA00E96C87 /* WLAddGameScoreVCTL.m */,
				E2572E001655E6FA00E96C87 /* WLAddGameScoreVCTL.xib */,
				E2D2F54216A6FC4800179F91 /* WLScoreCell.h */,
				E2D2F54316A6FC4800179F91 /* WLScoreCell.m */,
				E2D2F54516A6FD6A00179F91 /* WLScoreObj.h */,
				E2D2F54616A6FD6A00179F91 /* WLScoreObj.m */,
				E2D2F54816A6FD8400179F91 /* 干瞪眼 */,
			);
			name = "计分";
			sourceTree = "<group>";
		};
		E2CFAF8E1654A6260053ADCB = {
			isa = PBXGroup;
			children = (
				E29D68C816B90E2E00C4B706 /* libz.dylib */,
				E29D68C616B90E2A00C4B706 /* MobileCoreServices.framework */,
				E29D68C416B9092A00C4B706 /* CFNetwork.framework */,
				E29D68C216B9091900C4B706 /* CoreTelephony.framework */,
				E29D68C016B9090F00C4B706 /* MessageUI.framework */,
				E29D68BE16B9090600C4B706 /* SystemConfiguration.framework */,
				E2CFAFA31654A6260053ADCB /* WinerLoser */,
				E2CFAF9C1654A6260053ADCB /* Frameworks */,
				E2CFAF9A1654A6260053ADCB /* Products */,
			);
			sourceTree = "<group>";
		};
		E2CFAF9A1654A6260053ADCB /* Products */ = {
			isa = PBXGroup;
			children = (
				E2CFAF991654A6260053ADCB /* WinerLoser.app */,
			);
			name = Products;
			sourceTree = "<group>";
		};
		E2CFAF9C1654A6260053ADCB /* Frameworks */ = {
			isa = PBXGroup;
			children = (
				E2368AD11828B726002047C1 /* Security.framework */,
				E2368ACB1828B396002047C1 /* libcommonCrypto.dylib */,
				E2368AC91828B355002047C1 /* QuartzCore.framework */,
				E2368AC71828B338002047C1 /* AdSupport.framework */,
				E2572DE616551AC300E96C87 /* libicucore.dylib */,
				E2572DE4165519FD00E96C87 /* AudioToolbox.framework */,
				E2CFB6F31654A9440053ADCB /* libsqlite3.dylib */,
				E2CFAF9D1654A6260053ADCB /* UIKit.framework */,
				E2CFAF9F1654A6260053ADCB /* Foundation.framework */,
				E2CFAFA11654A6260053ADCB /* CoreGraphics.framework */,
			);
			name = Frameworks;
			sourceTree = "<group>";
		};
		E2CFAFA31654A6260053ADCB /* WinerLoser */ = {
			isa = PBXGroup;
			children = (
				E2F3660D16631584009815D9 /* Icon.png */,
				E2F3660E16631584009815D9 /* Icon@2x.png */,
				E2CFAFAC1654A6260053ADCB /* WLAppDelegate.h */,
				E2CFAFAD1654A6260053ADCB /* WLAppDelegate.m */,
				E2CFAFB51654A6260053ADCB /* WLViewController.h */,
				E2CFAFB61654A6260053ADCB /* WLViewController.m */,
				E2CFAFB81654A6260053ADCB /* WLViewController.xib */,
				E2E73874166092060019A3FD /* TableViewCell.xib */,
				E2FDA5C816611692000DC0A1 /* CashOut */,
				E23294551657B12B004C0907 /* 设置 */,
				E232944A16578635004C0907 /* 浏览历史 */,
				E2572DF0165528FC00E96C87 /* 计分 */,
				E2CFAFC31654A7DD0053ADCB /* 用户 */,
				E2CFAFA41654A6260053ADCB /* Supporting Files */,
			);
			path = WinerLoser;
			sourceTree = "<group>";
		};
		E2CFAFA41654A6260053ADCB /* Supporting Files */ = {
			isa = PBXGroup;
			children = (
				E2572DD7165519A700E96C87 /* RegexKitLite.h */,
				E2572DD8165519A700E96C87 /* RegexKitLite.m */,
				E2572DC816550B7B00E96C87 /* mainDB.sqlite */,
				E2CFAFCB1654A8590053ADCB /* core */,
				E2CFAFA51654A6260053ADCB /* WinerLoser-Info.plist */,
				E2CFAFA61654A6260053ADCB /* InfoPlist.strings */,
				E2CFAFA91654A6260053ADCB /* main.m */,
				E2CFAFAB1654A6260053ADCB /* WinerLoser-Prefix.pch */,
				E2CFAFAF1654A6260053ADCB /* Default.png */,
				E2CFAFB11654A6260053ADCB /* Default@2x.png */,
				E2CFAFB31654A6260053ADCB /* Default-568h@2x.png */,
			);
			name = "Supporting Files";
			sourceTree = "<group>";
		};
		E2CFAFC31654A7DD0053ADCB /* 用户 */ = {
			isa = PBXGroup;
			children = (
				E2CFAFC41654A7FB0053ADCB /* WLdbUserObj.h */,
				E2CFAFC51654A7FB0053ADCB /* WLdbUserObj.m */,
				E2CFB6F51654AA1D0053ADCB /* WLdbObj.h */,
				E2CFB6F61654AA1D0053ADCB /* WLdbObj.m */,
				E2572DC31654F89900E96C87 /* WLStartNewGameVCTL.h */,
				E2572DC41654F89900E96C87 /* WLStartNewGameVCTL.m */,
				E2572DC51654F89900E96C87 /* WLStartNewGameVCTL.xib */,
				E2572DEB165520B300E96C87 /* WLAllUsersTableVCTL.h */,
				E2572DEC165520B400E96C87 /* WLAllUsersTableVCTL.m */,
				E2572DED165520B400E96C87 /* WLAllUsersTableVCTL.xib */,
			);
			name = "用户";
			sourceTree = "<group>";
		};
		E2CFAFCB1654A8590053ADCB /* core */ = {
			isa = PBXGroup;
			children = (
				E2368B581828BC96002047C1 /* SBJSON */,
				E2368AD31828BB2D002047C1 /* ASIHTTPRequest */,
				E2368AEC1828BB2D002047C1 /* Categories */,
				E2368B031828BB2D002047C1 /* GTM */,
				E2368B0B1828BB2D002047C1 /* iConsole */,
				E2368B0E1828BB2D002047C1 /* Ruoogle */,
				E2368B211828BB2D002047C1 /* SVProgressHUD */,
				E2368B251828BB2D002047C1 /* TK */,
			);
			name = core;
			path = ../../../Ruoogle/core;
			sourceTree = "<group>";
		};
		E2D2F54816A6FD8400179F91 /* 干瞪眼 */ = {
			isa = PBXGroup;
			children = (
				E2130EC4166221AC00E09F28 /* WLgdyScoreCell.h */,
				E2130EC5166221AC00E09F28 /* WLgdyScoreCell.m */,
				E2130EC71662381F00E09F28 /* WLgdyScoreObj.h */,
				E2130EC81662382000E09F28 /* WLgdyScoreObj.m */,
				E2130EBF166205B200E09F28 /* WLgdyAddGameScoreVCTL.h */,
				E212F49B16ABB964009BFE50 /* WLgdyAddGameScoreVCTL.m */,
				E2130EC1166205B200E09F28 /* WLgdyAddGameScoreVCTL.xib */,
			);
			name = "干瞪眼";
			sourceTree = "<group>";
		};
		E2FDA5C816611692000DC0A1 /* CashOut */ = {
			isa = PBXGroup;
			children = (
				E2E66F3616A6B967007D928B /* WLCashOutObj.h */,
				E2E66F3716A6B967007D928B /* WLCashOutObj.m */,
				E2FDA5BF1661108A000DC0A1 /* WLCashOutCell.h */,
				E2FDA5C01661108A000DC0A1 /* WLCashOutCell.m */,
				E2FDA5C316611649000DC0A1 /* WLCashOutVCTL.h */,
				E2FDA5C416611649000DC0A1 /* WLCashOutVCTL.m */,
				E2FDA5C516611649000DC0A1 /* WLCashOutVCTL.xib */,
			);
			name = CashOut;
			path = ..;
			sourceTree = "<group>";
		};
/* End PBXGroup section */

/* Begin PBXNativeTarget section */
		E2CFAF981654A6260053ADCB /* WinerLoser */ = {
			isa = PBXNativeTarget;
			buildConfigurationList = E2CFAFBD1654A6260053ADCB /* Build configuration list for PBXNativeTarget "WinerLoser" */;
			buildPhases = (
				E2CFAF951654A6260053ADCB /* Sources */,
				E2CFAF961654A6260053ADCB /* Frameworks */,
				E2CFAF971654A6260053ADCB /* Resources */,
			);
			buildRules = (
			);
			dependencies = (
			);
			name = WinerLoser;
			productName = WinerLoser;
			productReference = E2CFAF991654A6260053ADCB /* WinerLoser.app */;
			productType = "com.apple.product-type.application";
		};
/* End PBXNativeTarget section */

/* Begin PBXProject section */
		E2CFAF901654A6260053ADCB /* Project object */ = {
			isa = PBXProject;
			attributes = {
				CLASSPREFIX = WL;
				LastUpgradeCheck = 0450;
				ORGANIZATIONNAME = Tom;
			};
			buildConfigurationList = E2CFAF931654A6260053ADCB /* Build configuration list for PBXProject "WinerLoser" */;
			compatibilityVersion = "Xcode 3.2";
			developmentRegion = English;
			hasScannedForEncodings = 0;
			knownRegions = (
				en,
				"zh-Hans",
				"zh-Hant",
			);
			mainGroup = E2CFAF8E1654A6260053ADCB;
			productRefGroup = E2CFAF9A1654A6260053ADCB /* Products */;
			projectDirPath = "";
			projectRoot = "";
			targets = (
				E2CFAF981654A6260053ADCB /* WinerLoser */,
			);
		};
/* End PBXProject section */

/* Begin PBXResourcesBuildPhase section */
		E2CFAF971654A6260053ADCB /* Resources */ = {
			isa = PBXResourcesBuildPhase;
			buildActionMask = 2147483647;
			files = (
				E2CFAFA81654A6260053ADCB /* InfoPlist.strings in Resources */,
				E2CFAFB01654A6260053ADCB /* Default.png in Resources */,
				E2CFAFB21654A6260053ADCB /* Default@2x.png in Resources */,
				E2368B481828BB2D002047C1 /* btn_xiaoxi@2x.png in Resources */,
				E2368B4D1828BB2D002047C1 /* select_frame.png in Resources */,
				E2CFAFB41654A6260053ADCB /* Default-568h@2x.png in Resources */,
				E2CFAFBA1654A6260053ADCB /* WLViewController.xib in Resources */,
				E2572DC71654F89900E96C87 /* WLStartNewGameVCTL.xib in Resources */,
				E2368B4C1828BB2D002047C1 /* gy_qipao_shang@2x.png in Resources */,
				E2572DC916550B7B00E96C87 /* mainDB.sqlite in Resources */,
				E2572DEF165520B400E96C87 /* WLAllUsersTableVCTL.xib in Resources */,
				E2572DF51655292500E96C87 /* WLSummaryTableVCTL.xib in Resources */,
				E2572E021655E6FB00E96C87 /* WLAddGameScoreVCTL.xib in Resources */,
				E232944F1657866C004C0907 /* WLGameHistoryVCTL.xib in Resources */,
				E232945416578FA6004C0907 /* WLUserHistoryVCTL.xib in Resources */,
				E232945A1657B141004C0907 /* WLSettingsVCTL.xib in Resources */,
				E2368B471828BB2D002047C1 /* btn_xiaoxi.png in Resources */,
				E2368B4B1828BB2D002047C1 /* gy_qipao_shang.png in Resources */,
				E2368B521828BB2D002047C1 /* SVProgressHUD.bundle in Resources */,
				9B8FE933189620D500A45438 /* WLDeleteUserVCTL.xib in Resources */,
				E2368B491828BB2D002047C1 /* gy_qipao.png in Resources */,
				E2E73875166092060019A3FD /* TableViewCell.xib in Resources */,
				E2FDA5C71661164A000DC0A1 /* WLCashOutVCTL.xib in Resources */,
				E2130EC3166205B200E09F28 /* WLgdyAddGameScoreVCTL.xib in Resources */,
				E2F3660F16631584009815D9 /* Icon.png in Resources */,
				E2368B461828BB2D002047C1 /* btn_jinggao@2x.png in Resources */,
				E2368B4E1828BB2D002047C1 /* select_frame@2x.png in Resources */,
				E2368B4A1828BB2D002047C1 /* gy_qipao@2x.png in Resources */,
				E2F3661016631584009815D9 /* Icon@2x.png in Resources */,
				E2368B451828BB2D002047C1 /* btn_jinggao.png in Resources */,
				E212F49316ABB78E009BFE50 /* bg_xiantiao.png in Resources */,
				E212F49416ABB78E009BFE50 /* bg_xiantiao@2x.png in Resources */,
			);
			runOnlyForDeploymentPostprocessing = 0;
		};
/* End PBXResourcesBuildPhase section */

/* Begin PBXSourcesBuildPhase section */
		E2CFAF951654A6260053ADCB /* Sources */ = {
			isa = PBXSourcesBuildPhase;
			buildActionMask = 2147483647;
			files = (
				E2CFAFAA1654A6260053ADCB /* main.m in Sources */,
				E2368B3E1828BB2D002047C1 /* UIImage+RoundedCorner.m in Sources */,
				E2368B3A1828BB2D002047C1 /* NSString+MD5Addition.m in Sources */,
				E2CFAFAE1654A6260053ADCB /* WLAppDelegate.m in Sources */,
				E2368B391828BB2D002047C1 /* NSIndexPath+RG_Utilities.m in Sources */,
				E2368B2F1828BB2D002047C1 /* ASIDownloadCache.m in Sources */,
				E2368B2D1828BB2D002047C1 /* ASIDataCompressor.m in Sources */,
				E2368B3C1828BB2D002047C1 /* UIImage+Alpha.m in Sources */,
				E2368B3F1828BB2D002047C1 /* UILabel+Addition.m in Sources */,
				E2368B301828BB2D002047C1 /* ASIFormDataRequest.m in Sources */,
				E2368B671828BC96002047C1 /* NSString+SBJSON.m in Sources */,
				E2368B381828BB2D002047C1 /* NSDictionary+JSON.m in Sources */,
				E2368B561828BB2D002047C1 /* UIView+TKCategory.m in Sources */,
				E2CFAFB71654A6260053ADCB /* WLViewController.m in Sources */,
				E2CFAFC61654A7FB0053ADCB /* WLdbUserObj.m in Sources */,
				E2CFB6F71654AA1D0053ADCB /* WLdbObj.m in Sources */,
				E2368B401828BB2D002047C1 /* UIViewController+KNSemiModal.m in Sources */,
				E2368B501828BB2D002047C1 /* SqlDB_lock.m in Sources */,
				E2368B441828BB2D002047C1 /* iConsole.m in Sources */,
				E2572DC61654F89900E96C87 /* WLStartNewGameVCTL.m in Sources */,
				E2368B681828BC96002047C1 /* SBJSON.m in Sources */,
				E2368B6B1828BC96002047C1 /* SBJsonWriter.m in Sources */,
				E2572DD9165519A700E96C87 /* RegexKitLite.m in Sources */,
				E2572DEE165520B400E96C87 /* WLAllUsersTableVCTL.m in Sources */,
				E2572DF41655292500E96C87 /* WLSummaryTableVCTL.m in Sources */,
				E2368B421828BB2D002047C1 /* GTMObjC2Runtime.m in Sources */,
				E2368B411828BB2D002047C1 /* GTMBase64.m in Sources */,
				E2572DF816552B0700E96C87 /* WLdbGameObj.m in Sources */,
				E2572E011655E6FB00E96C87 /* WLAddGameScoreVCTL.m in Sources */,
				E232944E1657866C004C0907 /* WLGameHistoryVCTL.m in Sources */,
				E232945316578FA6004C0907 /* WLUserHistoryVCTL.m in Sources */,
				E23294591657B141004C0907 /* WLSettingsVCTL.m in Sources */,
				E2368B371828BB2D002047C1 /* NSDate+TomAddition.m in Sources */,
				E2368B311828BB2D002047C1 /* ASIHTTPRequest.m in Sources */,
				E2368B691828BC96002047C1 /* SBJsonBase.m in Sources */,
				E2368B511828BB2D002047C1 /* Utilities.m in Sources */,
				E2368B351828BB2D002047C1 /* ASIReachability.m in Sources */,
				E2CA7ED216605DC50021BFFA /* WLdbSettings.m in Sources */,
				E2E73870166087E10019A3FD /* WLSummaryCell.m in Sources */,
				E2368B661828BC96002047C1 /* NSObject+SBJSON.m in Sources */,
				E2E7387316608ACC0019A3FD /* WLSummaryObj.m in Sources */,
				E2FDA5C11661108A000DC0A1 /* WLCashOutCell.m in Sources */,
				E2FDA5C61661164A000DC0A1 /* WLCashOutVCTL.m in Sources */,
				E2368B6A1828BC96002047C1 /* SBJsonParser.m in Sources */,
				E2368B551828BB2D002047C1 /* TKSwitchCell.m in Sources */,
				E2368B3B1828BB2D002047C1 /* NSString+TomAddition.m in Sources */,
				E2130EBE1661F0DE00E09F28 /* WLGameInfo.m in Sources */,
				E2130EC6166221AC00E09F28 /* WLgdyScoreCell.m in Sources */,
				E2368B361828BB2D002047C1 /* GTMNSString+HTML.m in Sources */,
				E2130EC91662382000E09F28 /* WLgdyScoreObj.m in Sources */,
				E2368B531828BB2D002047C1 /* SVProgressHUD.m in Sources */,
				E2368B4F1828BB2D002047C1 /* KeychainItemWrapper.m in Sources */,
				E2368B2C1828BB2D002047C1 /* ASIAuthenticationDialog.m in Sources */,
				E2E66F3816A6B968007D928B /* WLCashOutObj.m in Sources */,
				E2368B341828BB2D002047C1 /* ASINSStringAdditions.m in Sources */,
				E2D2F54416A6FC4800179F91 /* WLScoreCell.m in Sources */,
				9B8FE932189620D500A45438 /* WLDeleteUserVCTL.m in Sources */,
				E2368B321828BB2D002047C1 /* ASIInputStream.m in Sources */,
				E2D2F54716A6FD6A00179F91 /* WLScoreObj.m in Sources */,
				E2368B541828BB2D002047C1 /* TKAlertCenter.m in Sources */,
				E212F49C16ABB964009BFE50 /* WLgdyAddGameScoreVCTL.m in Sources */,
				E2368B3D1828BB2D002047C1 /* UIImage+Resize.m in Sources */,
				E2368B431828BB2D002047C1 /* GTMStackTrace.m in Sources */,
				E2368B331828BB2D002047C1 /* ASINetworkQueue.m in Sources */,
				E2368B2E1828BB2D002047C1 /* ASIDataDecompressor.m in Sources */,
			);
			runOnlyForDeploymentPostprocessing = 0;
		};
/* End PBXSourcesBuildPhase section */

/* Begin PBXVariantGroup section */
		E2CFAFA61654A6260053ADCB /* InfoPlist.strings */ = {
			isa = PBXVariantGroup;
			children = (
				E2CFAFA71654A6260053ADCB /* en */,
			);
			name = InfoPlist.strings;
			sourceTree = "<group>";
		};
		E2CFAFB81654A6260053ADCB /* WLViewController.xib */ = {
			isa = PBXVariantGroup;
			children = (
				E2CFAFB91654A6260053ADCB /* en */,
			);
			name = WLViewController.xib;
			sourceTree = "<group>";
		};
/* End PBXVariantGroup section */

/* Begin XCBuildConfiguration section */
		E2CFAFBB1654A6260053ADCB /* Debug */ = {
			isa = XCBuildConfiguration;
			buildSettings = {
				ALWAYS_SEARCH_USER_PATHS = NO;
				CLANG_CXX_LANGUAGE_STANDARD = "gnu++0x";
				CLANG_CXX_LIBRARY = "libc++";
				CLANG_WARN_EMPTY_BODY = YES;
				CLANG_WARN__DUPLICATE_METHOD_MATCH = YES;
				"CODE_SIGN_IDENTITY[sdk=iphoneos*]" = "iPhone Developer";
				COPY_PHASE_STRIP = NO;
				FRAMEWORK_SEARCH_PATHS = "";
				GCC_C_LANGUAGE_STANDARD = gnu99;
				GCC_DYNAMIC_NO_PIC = NO;
				GCC_OPTIMIZATION_LEVEL = 0;
				GCC_PREPROCESSOR_DEFINITIONS = (
					"DEBUG=1",
					"$(inherited)",
				);
				GCC_SYMBOLS_PRIVATE_EXTERN = NO;
				GCC_WARN_ABOUT_RETURN_TYPE = YES;
				GCC_WARN_UNINITIALIZED_AUTOS = YES;
				GCC_WARN_UNUSED_VARIABLE = YES;
				HEADER_SEARCH_PATHS = "";
				IPHONEOS_DEPLOYMENT_TARGET = 4.3;
				LIBRARY_SEARCH_PATHS = "";
				ONLY_ACTIVE_ARCH = YES;
				SDKROOT = iphoneos;
				USER_HEADER_SEARCH_PATHS = "";
			};
			name = Debug;
		};
		E2CFAFBC1654A6260053ADCB /* Release */ = {
			isa = XCBuildConfiguration;
			buildSettings = {
				ALWAYS_SEARCH_USER_PATHS = NO;
				CLANG_CXX_LANGUAGE_STANDARD = "gnu++0x";
				CLANG_CXX_LIBRARY = "libc++";
				CLANG_WARN_EMPTY_BODY = YES;
				CLANG_WARN__DUPLICATE_METHOD_MATCH = YES;
				"CODE_SIGN_IDENTITY[sdk=iphoneos*]" = "iPhone Developer";
				COPY_PHASE_STRIP = YES;
				FRAMEWORK_SEARCH_PATHS = "";
				GCC_C_LANGUAGE_STANDARD = gnu99;
				GCC_WARN_ABOUT_RETURN_TYPE = YES;
				GCC_WARN_UNINITIALIZED_AUTOS = YES;
				GCC_WARN_UNUSED_VARIABLE = YES;
				HEADER_SEARCH_PATHS = "";
				IPHONEOS_DEPLOYMENT_TARGET = 4.3;
				LIBRARY_SEARCH_PATHS = "";
				OTHER_CFLAGS = "-DNS_BLOCK_ASSERTIONS=1";
				SDKROOT = iphoneos;
				USER_HEADER_SEARCH_PATHS = "";
				VALIDATE_PRODUCT = YES;
			};
			name = Release;
		};
		E2CFAFBE1654A6260053ADCB /* Debug */ = {
			isa = XCBuildConfiguration;
			buildSettings = {
				ALWAYS_SEARCH_USER_PATHS = NO;
				FRAMEWORK_SEARCH_PATHS = "";
				GCC_PRECOMPILE_PREFIX_HEADER = YES;
				GCC_PREFIX_HEADER = "WinerLoser/WinerLoser-Prefix.pch";
				HEADER_SEARCH_PATHS = "\"$(SRCROOT)/WinerLoser/include\"";
				INFOPLIST_FILE = "WinerLoser/WinerLoser-Info.plist";
				IPHONEOS_DEPLOYMENT_TARGET = 4.3;
				LIBRARY_SEARCH_PATHS = (
					"$(inherited)",
					"$(SRCROOT)",
					"$(SDKROOT)/usr/lib/system",
				);
				PRODUCT_NAME = "$(TARGET_NAME)";
				USER_HEADER_SEARCH_PATHS = "";
				WRAPPER_EXTENSION = app;
			};
			name = Debug;
		};
		E2CFAFBF1654A6260053ADCB /* Release */ = {
			isa = XCBuildConfiguration;
			buildSettings = {
				ALWAYS_SEARCH_USER_PATHS = NO;
				FRAMEWORK_SEARCH_PATHS = "";
				GCC_PRECOMPILE_PREFIX_HEADER = YES;
				GCC_PREFIX_HEADER = "WinerLoser/WinerLoser-Prefix.pch";
				HEADER_SEARCH_PATHS = "\"$(SRCROOT)/WinerLoser/include\"";
				INFOPLIST_FILE = "WinerLoser/WinerLoser-Info.plist";
				IPHONEOS_DEPLOYMENT_TARGET = 4.3;
				LIBRARY_SEARCH_PATHS = (
					"$(inherited)",
					"$(SRCROOT)",
					"$(SDKROOT)/usr/lib/system",
				);
				PRODUCT_NAME = "$(TARGET_NAME)";
				USER_HEADER_SEARCH_PATHS = "";
				WRAPPER_EXTENSION = app;
			};
			name = Release;
		};
		E2F3661116631989009815D9 /* Distribution */ = {
			isa = XCBuildConfiguration;
			buildSettings = {
				ALWAYS_SEARCH_USER_PATHS = NO;
				CLANG_CXX_LANGUAGE_STANDARD = "gnu++0x";
				CLANG_CXX_LIBRARY = "libc++";
				CLANG_WARN_EMPTY_BODY = YES;
				CLANG_WARN__DUPLICATE_METHOD_MATCH = YES;
				"CODE_SIGN_IDENTITY[sdk=iphoneos*]" = "iPhone Developer";
				COPY_PHASE_STRIP = YES;
				FRAMEWORK_SEARCH_PATHS = "";
				GCC_C_LANGUAGE_STANDARD = gnu99;
				GCC_WARN_ABOUT_RETURN_TYPE = YES;
				GCC_WARN_UNINITIALIZED_AUTOS = YES;
				GCC_WARN_UNUSED_VARIABLE = YES;
				HEADER_SEARCH_PATHS = "";
				IPHONEOS_DEPLOYMENT_TARGET = 4.3;
				LIBRARY_SEARCH_PATHS = "";
				OTHER_CFLAGS = "-DNS_BLOCK_ASSERTIONS=1";
				SDKROOT = iphoneos;
				USER_HEADER_SEARCH_PATHS = "";
				VALIDATE_PRODUCT = YES;
			};
			name = Distribution;
		};
		E2F3661216631989009815D9 /* Distribution */ = {
			isa = XCBuildConfiguration;
			buildSettings = {
				ALWAYS_SEARCH_USER_PATHS = NO;
				CODE_SIGN_IDENTITY = "iPhone Distribution";
				FRAMEWORK_SEARCH_PATHS = "";
				GCC_PRECOMPILE_PREFIX_HEADER = YES;
				GCC_PREFIX_HEADER = "WinerLoser/WinerLoser-Prefix.pch";
				HEADER_SEARCH_PATHS = "\"$(SRCROOT)/WinerLoser/include\"";
				INFOPLIST_FILE = "WinerLoser/WinerLoser-Info.plist";
				IPHONEOS_DEPLOYMENT_TARGET = 4.3;
				LIBRARY_SEARCH_PATHS = (
					"$(inherited)",
					"$(SRCROOT)",
					"$(SDKROOT)/usr/lib/system",
				);
				PRODUCT_NAME = "$(TARGET_NAME)";
				PROVISIONING_PROFILE = "";
				USER_HEADER_SEARCH_PATHS = "";
				WRAPPER_EXTENSION = app;
			};
			name = Distribution;
		};
/* End XCBuildConfiguration section */

/* Begin XCConfigurationList section */
		E2CFAF931654A6260053ADCB /* Build configuration list for PBXProject "WinerLoser" */ = {
			isa = XCConfigurationList;
			buildConfigurations = (
				E2CFAFBB1654A6260053ADCB /* Debug */,
				E2CFAFBC1654A6260053ADCB /* Release */,
				E2F3661116631989009815D9 /* Distribution */,
			);
			defaultConfigurationIsVisible = 0;
			defaultConfigurationName = Release;
		};
		E2CFAFBD1654A6260053ADCB /* Build configuration list for PBXNativeTarget "WinerLoser" */ = {
			isa = XCConfigurationList;
			buildConfigurations = (
				E2CFAFBE1654A6260053ADCB /* Debug */,
				E2CFAFBF1654A6260053ADCB /* Release */,
				E2F3661216631989009815D9 /* Distribution */,
			);
			defaultConfigurationIsVisible = 0;
			defaultConfigurationName = Release;
		};
/* End XCConfigurationList section */
	};
	rootObject = E2CFAF901654A6260053ADCB /* Project object */;
}
